PODS:
  - Masonry (1.0.2)
  - MKFPSStatus (1.0.4)
  - SDWebImage (3.8.2):
    - SDWebImage/Core (= 3.8.2)
  - SDWebImage/Core (3.8.2)

DEPENDENCIES:
  - Masonry (~> 1.0.2)
  - MKFPSStatus (~> 1.0.4)
  - SDWebImage (~> 3.8.2)

SPEC CHECKSUMS:
  Masonry: 7c429b56da9d4ee0bbb3ed77a5ea710d6a5df39e
  MKFPSStatus: 7b0c6dafaa8c298b45242e6a87305f8b521a2f68
  SDWebImage: 098e97e6176540799c27e804c96653ee0833d13c

PODFILE CHECKSUM: 15611e8632d718ed59a2ff4de664a851903d121c

COCOAPODS: 1.2.1
