// !$*UTF8*$!
{
	archiveVersion = 1;
	classes = {
	};
	objectVersion = 47;
	objects = {

/* Begin PBXBuildFile section */
		B782EDFC668A3A554EC62495 /* libPods-MKActionSheet.a in Frameworks */ = {isa = PBXBuildFile; fileRef = 4344F53EFBC17740EB28A41B /* libPods-MKActionSheet.a */; };
		C51FB2411D547DEF00A766E1 /* UIView+Toast.m in Sources */ = {isa = PBXBuildFile; fileRef = C51FB2301D547DEF00A766E1 /* UIView+Toast.m */; };
		C52062FA1EBC218A0005F3D2 /* MKASRootViewController.m in Sources */ = {isa = PBXBuildFile; fileRef = C52062F91EBC218A0005F3D2 /* MKASRootViewController.m */; };
		C53D40AE1D524DB1003E1545 /* InfoModel.m in Sources */ = {isa = PBXBuildFile; fileRef = C53D40AD1D524DB1003E1545 /* InfoModel.m */; };
		C56728541D9054F2002D0245 /* MKActionSheet.bundle in Resources */ = {isa = PBXBuildFile; fileRef = C567284B1D9054F2002D0245 /* MKActionSheet.bundle */; };
		C56728551D9054F2002D0245 /* MKActionSheet.m in Sources */ = {isa = PBXBuildFile; fileRef = C567284D1D9054F2002D0245 /* MKActionSheet.m */; };
		C5A125C71CFEE7E700FEA77A /* MKActionSheetTests.m in Sources */ = {isa = PBXBuildFile; fileRef = C5A125C61CFEE7E700FEA77A /* MKActionSheetTests.m */; };
		C5A125D21CFEE7E700FEA77A /* MKActionSheetUITests.m in Sources */ = {isa = PBXBuildFile; fileRef = C5A125D11CFEE7E700FEA77A /* MKActionSheetUITests.m */; };
		C5A125EB1CFEE91900FEA77A /* AppDelegate.m in Sources */ = {isa = PBXBuildFile; fileRef = C5A125E11CFEE91900FEA77A /* AppDelegate.m */; };
		C5A125EC1CFEE91900FEA77A /* Assets.xcassets in Resources */ = {isa = PBXBuildFile; fileRef = C5A125E21CFEE91900FEA77A /* Assets.xcassets */; };
		C5A125ED1CFEE91900FEA77A /* LaunchScreen.storyboard in Resources */ = {isa = PBXBuildFile; fileRef = C5A125E31CFEE91900FEA77A /* LaunchScreen.storyboard */; };
		C5A125EE1CFEE91900FEA77A /* Main.storyboard in Resources */ = {isa = PBXBuildFile; fileRef = C5A125E51CFEE91900FEA77A /* Main.storyboard */; };
		C5A125F01CFEE91900FEA77A /* main.m in Sources */ = {isa = PBXBuildFile; fileRef = C5A125E81CFEE91900FEA77A /* main.m */; };
		C5A125F11CFEE91900FEA77A /* ViewController.m in Sources */ = {isa = PBXBuildFile; fileRef = C5A125EA1CFEE91900FEA77A /* ViewController.m */; };
		C5AEE5BD1EB0483C00D3BF3C /* MKActionSheetAdd.m in Sources */ = {isa = PBXBuildFile; fileRef = C5AEE5BC1EB0483C00D3BF3C /* MKActionSheetAdd.m */; };
		C5BD1B6C1ECEA611007F45DD /* MKASOrientationConfig.m in Sources */ = {isa = PBXBuildFile; fileRef = C5BD1B6B1ECEA611007F45DD /* MKASOrientationConfig.m */; };
		C5DFD7E91CFFF66500A9E037 /* Default-568h@2x.png in Resources */ = {isa = PBXBuildFile; fileRef = C5DFD7E81CFFF66500A9E037 /* Default-568h@2x.png */; };
/* End PBXBuildFile section */

/* Begin PBXContainerItemProxy section */
		C5A125C31CFEE7E700FEA77A /* PBXContainerItemProxy */ = {
			isa = PBXContainerItemProxy;
			containerPortal = C5A125A11CFEE7E700FEA77A /* Project object */;
			proxyType = 1;
			remoteGlobalIDString = C5A125A81CFEE7E700FEA77A;
			remoteInfo = MKActionSheet;
		};
		C5A125CE1CFEE7E700FEA77A /* PBXContainerItemProxy */ = {
			isa = PBXContainerItemProxy;
			containerPortal = C5A125A11CFEE7E700FEA77A /* Project object */;
			proxyType = 1;
			remoteGlobalIDString = C5A125A81CFEE7E700FEA77A;
			remoteInfo = MKActionSheet;
		};
/* End PBXContainerItemProxy section */

/* Begin PBXFileReference section */
		1A0AB92F45101B2D7A88190B /* Pods-MKActionSheet.debug.xcconfig */ = {isa = PBXFileReference; includeInIndex = 1; lastKnownFileType = text.xcconfig; name = "Pods-MKActionSheet.debug.xcconfig"; path = "Pods/Target Support Files/Pods-MKActionSheet/Pods-MKActionSheet.debug.xcconfig"; sourceTree = "<group>"; };
		4344F53EFBC17740EB28A41B /* libPods-MKActionSheet.a */ = {isa = PBXFileReference; explicitFileType = archive.ar; includeInIndex = 0; path = "libPods-MKActionSheet.a"; sourceTree = BUILT_PRODUCTS_DIR; };
		C51FB22F1D547DEF00A766E1 /* UIView+Toast.h */ = {isa = PBXFileReference; fileEncoding = 4; lastKnownFileType = sourcecode.c.h; path = "UIView+Toast.h"; sourceTree = "<group>"; };
		C51FB2301D547DEF00A766E1 /* UIView+Toast.m */ = {isa = PBXFileReference; fileEncoding = 4; lastKnownFileType = sourcecode.c.objc; path = "UIView+Toast.m"; sourceTree = "<group>"; };
		C52062F81EBC218A0005F3D2 /* MKASRootViewController.h */ = {isa = PBXFileReference; fileEncoding = 4; lastKnownFileType = sourcecode.c.h; path = MKASRootViewController.h; sourceTree = "<group>"; };
		C52062F91EBC218A0005F3D2 /* MKASRootViewController.m */ = {isa = PBXFileReference; fileEncoding = 4; lastKnownFileType = sourcecode.c.objc; path = MKASRootViewController.m; sourceTree = "<group>"; };
		C53D40AC1D524DB1003E1545 /* InfoModel.h */ = {isa = PBXFileReference; fileEncoding = 4; lastKnownFileType = sourcecode.c.h; path = InfoModel.h; sourceTree = "<group>"; };
		C53D40AD1D524DB1003E1545 /* InfoModel.m */ = {isa = PBXFileReference; fileEncoding = 4; lastKnownFileType = sourcecode.c.objc; path = InfoModel.m; sourceTree = "<group>"; };
		C567284B1D9054F2002D0245 /* MKActionSheet.bundle */ = {isa = PBXFileReference; lastKnownFileType = "wrapper.plug-in"; path = MKActionSheet.bundle; sourceTree = "<group>"; };
		C567284C1D9054F2002D0245 /* MKActionSheet.h */ = {isa = PBXFileReference; fileEncoding = 4; lastKnownFileType = sourcecode.c.h; path = MKActionSheet.h; sourceTree = "<group>"; };
		C567284D1D9054F2002D0245 /* MKActionSheet.m */ = {isa = PBXFileReference; fileEncoding = 4; lastKnownFileType = sourcecode.c.objc; path = MKActionSheet.m; sourceTree = "<group>"; };
		C5A125A91CFEE7E700FEA77A /* MKActionSheet.app */ = {isa = PBXFileReference; explicitFileType = wrapper.application; includeInIndex = 0; path = MKActionSheet.app; sourceTree = BUILT_PRODUCTS_DIR; };
		C5A125C21CFEE7E700FEA77A /* MKActionSheetTests.xctest */ = {isa = PBXFileReference; explicitFileType = wrapper.cfbundle; includeInIndex = 0; path = MKActionSheetTests.xctest; sourceTree = BUILT_PRODUCTS_DIR; };
		C5A125C61CFEE7E700FEA77A /* MKActionSheetTests.m */ = {isa = PBXFileReference; lastKnownFileType = sourcecode.c.objc; path = MKActionSheetTests.m; sourceTree = "<group>"; };
		C5A125C81CFEE7E700FEA77A /* Info.plist */ = {isa = PBXFileReference; lastKnownFileType = text.plist.xml; path = Info.plist; sourceTree = "<group>"; };
		C5A125CD1CFEE7E700FEA77A /* MKActionSheetUITests.xctest */ = {isa = PBXFileReference; explicitFileType = wrapper.cfbundle; includeInIndex = 0; path = MKActionSheetUITests.xctest; sourceTree = BUILT_PRODUCTS_DIR; };
		C5A125D11CFEE7E700FEA77A /* MKActionSheetUITests.m */ = {isa = PBXFileReference; lastKnownFileType = sourcecode.c.objc; path = MKActionSheetUITests.m; sourceTree = "<group>"; };
		C5A125D31CFEE7E700FEA77A /* Info.plist */ = {isa = PBXFileReference; lastKnownFileType = text.plist.xml; path = Info.plist; sourceTree = "<group>"; };
		C5A125E01CFEE91900FEA77A /* AppDelegate.h */ = {isa = PBXFileReference; fileEncoding = 4; lastKnownFileType = sourcecode.c.h; path = AppDelegate.h; sourceTree = "<group>"; };
		C5A125E11CFEE91900FEA77A /* AppDelegate.m */ = {isa = PBXFileReference; fileEncoding = 4; lastKnownFileType = sourcecode.c.objc; path = AppDelegate.m; sourceTree = "<group>"; };
		C5A125E21CFEE91900FEA77A /* Assets.xcassets */ = {isa = PBXFileReference; lastKnownFileType = folder.assetcatalog; path = Assets.xcassets; sourceTree = "<group>"; };
		C5A125E41CFEE91900FEA77A /* Base */ = {isa = PBXFileReference; lastKnownFileType = file.storyboard; name = Base; path = Base.lproj/LaunchScreen.storyboard; sourceTree = "<group>"; };
		C5A125E61CFEE91900FEA77A /* Base */ = {isa = PBXFileReference; lastKnownFileType = file.storyboard; name = Base; path = Base.lproj/Main.storyboard; sourceTree = "<group>"; };
		C5A125E71CFEE91900FEA77A /* Info.plist */ = {isa = PBXFileReference; fileEncoding = 4; lastKnownFileType = text.plist.xml; name = Info.plist; path = MKActionSheetDemo/Info.plist; sourceTree = SOURCE_ROOT; };
		C5A125E81CFEE91900FEA77A /* main.m */ = {isa = PBXFileReference; fileEncoding = 4; lastKnownFileType = sourcecode.c.objc; name = main.m; path = MKActionSheetDemo/main.m; sourceTree = SOURCE_ROOT; };
		C5A125E91CFEE91900FEA77A /* ViewController.h */ = {isa = PBXFileReference; fileEncoding = 4; lastKnownFileType = sourcecode.c.h; path = ViewController.h; sourceTree = "<group>"; };
		C5A125EA1CFEE91900FEA77A /* ViewController.m */ = {isa = PBXFileReference; fileEncoding = 4; lastKnownFileType = sourcecode.c.objc; path = ViewController.m; sourceTree = "<group>"; };
		C5AEE5BB1EB0483C00D3BF3C /* MKActionSheetAdd.h */ = {isa = PBXFileReference; fileEncoding = 4; lastKnownFileType = sourcecode.c.h; path = MKActionSheetAdd.h; sourceTree = "<group>"; };
		C5AEE5BC1EB0483C00D3BF3C /* MKActionSheetAdd.m */ = {isa = PBXFileReference; fileEncoding = 4; lastKnownFileType = sourcecode.c.objc; path = MKActionSheetAdd.m; sourceTree = "<group>"; };
		C5BD1B6A1ECEA611007F45DD /* MKASOrientationConfig.h */ = {isa = PBXFileReference; fileEncoding = 4; lastKnownFileType = sourcecode.c.h; path = MKASOrientationConfig.h; sourceTree = "<group>"; };
		C5BD1B6B1ECEA611007F45DD /* MKASOrientationConfig.m */ = {isa = PBXFileReference; fileEncoding = 4; lastKnownFileType = sourcecode.c.objc; path = MKASOrientationConfig.m; sourceTree = "<group>"; };
		C5DFD7E81CFFF66500A9E037 /* Default-568h@2x.png */ = {isa = PBXFileReference; lastKnownFileType = image.png; path = "Default-568h@2x.png"; sourceTree = "<group>"; };
		D452706DB8406564AF8A4BBE /* Pods-MKActionSheet.release.xcconfig */ = {isa = PBXFileReference; includeInIndex = 1; lastKnownFileType = text.xcconfig; name = "Pods-MKActionSheet.release.xcconfig"; path = "Pods/Target Support Files/Pods-MKActionSheet/Pods-MKActionSheet.release.xcconfig"; sourceTree = "<group>"; };
/* End PBXFileReference section */

/* Begin PBXFrameworksBuildPhase section */
		C5A125A61CFEE7E700FEA77A /* Frameworks */ = {
			isa = PBXFrameworksBuildPhase;
			buildActionMask = 2147483647;
			files = (
				B782EDFC668A3A554EC62495 /* libPods-MKActionSheet.a in Frameworks */,
			);
			runOnlyForDeploymentPostprocessing = 0;
		};
		C5A125BF1CFEE7E700FEA77A /* Frameworks */ = {
			isa = PBXFrameworksBuildPhase;
			buildActionMask = 2147483647;
			files = (
			);
			runOnlyForDeploymentPostprocessing = 0;
		};
		C5A125CA1CFEE7E700FEA77A /* Frameworks */ = {
			isa = PBXFrameworksBuildPhase;
			buildActionMask = 2147483647;
			files = (
			);
			runOnlyForDeploymentPostprocessing = 0;
		};
/* End PBXFrameworksBuildPhase section */

/* Begin PBXGroup section */
		6A7DAA095EB61B980492901D /* Frameworks */ = {
			isa = PBXGroup;
			children = (
				4344F53EFBC17740EB28A41B /* libPods-MKActionSheet.a */,
			);
			name = Frameworks;
			sourceTree = "<group>";
		};
		C51FB22E1D547DEF00A766E1 /* Toast */ = {
			isa = PBXGroup;
			children = (
				C51FB22F1D547DEF00A766E1 /* UIView+Toast.h */,
				C51FB2301D547DEF00A766E1 /* UIView+Toast.m */,
			);
			path = Toast;
			sourceTree = "<group>";
		};
		C567284A1D9054F2002D0245 /* MKActionSheet */ = {
			isa = PBXGroup;
			children = (
				C567284B1D9054F2002D0245 /* MKActionSheet.bundle */,
				C567284C1D9054F2002D0245 /* MKActionSheet.h */,
				C567284D1D9054F2002D0245 /* MKActionSheet.m */,
				C5AEE5BB1EB0483C00D3BF3C /* MKActionSheetAdd.h */,
				C5AEE5BC1EB0483C00D3BF3C /* MKActionSheetAdd.m */,
				C5BD1B6A1ECEA611007F45DD /* MKASOrientationConfig.h */,
				C5BD1B6B1ECEA611007F45DD /* MKASOrientationConfig.m */,
				C52062F81EBC218A0005F3D2 /* MKASRootViewController.h */,
				C52062F91EBC218A0005F3D2 /* MKASRootViewController.m */,
			);
			path = MKActionSheet;
			sourceTree = "<group>";
		};
		C5A125A01CFEE7E700FEA77A = {
			isa = PBXGroup;
			children = (
				C567284A1D9054F2002D0245 /* MKActionSheet */,
				C5A125DF1CFEE91900FEA77A /* MKActionSheetDemo */,
				C5A125C51CFEE7E700FEA77A /* MKActionSheetTests */,
				C5A125D01CFEE7E700FEA77A /* MKActionSheetUITests */,
				C5A125AA1CFEE7E700FEA77A /* Products */,
				E57DB3F1F3D7580C43E2D390 /* Pods */,
				6A7DAA095EB61B980492901D /* Frameworks */,
			);
			sourceTree = "<group>";
		};
		C5A125AA1CFEE7E700FEA77A /* Products */ = {
			isa = PBXGroup;
			children = (
				C5A125A91CFEE7E700FEA77A /* MKActionSheet.app */,
				C5A125C21CFEE7E700FEA77A /* MKActionSheetTests.xctest */,
				C5A125CD1CFEE7E700FEA77A /* MKActionSheetUITests.xctest */,
			);
			name = Products;
			sourceTree = "<group>";
		};
		C5A125AC1CFEE7E700FEA77A /* Supporting Files */ = {
			isa = PBXGroup;
			children = (
				C5A125E81CFEE91900FEA77A /* main.m */,
			);
			name = "Supporting Files";
			path = ../MKActionSheet;
			sourceTree = "<group>";
		};
		C5A125C51CFEE7E700FEA77A /* MKActionSheetTests */ = {
			isa = PBXGroup;
			children = (
				C5A125C61CFEE7E700FEA77A /* MKActionSheetTests.m */,
				C5A125C81CFEE7E700FEA77A /* Info.plist */,
			);
			path = MKActionSheetTests;
			sourceTree = "<group>";
		};
		C5A125D01CFEE7E700FEA77A /* MKActionSheetUITests */ = {
			isa = PBXGroup;
			children = (
				C5A125D11CFEE7E700FEA77A /* MKActionSheetUITests.m */,
				C5A125D31CFEE7E700FEA77A /* Info.plist */,
			);
			path = MKActionSheetUITests;
			sourceTree = "<group>";
		};
		C5A125DF1CFEE91900FEA77A /* MKActionSheetDemo */ = {
			isa = PBXGroup;
			children = (
				C5A125E91CFEE91900FEA77A /* ViewController.h */,
				C5A125EA1CFEE91900FEA77A /* ViewController.m */,
				C53D40AC1D524DB1003E1545 /* InfoModel.h */,
				C53D40AD1D524DB1003E1545 /* InfoModel.m */,
				C5A125F21CFEE98F00FEA77A /* Origin */,
				C5CB17FA1D5B04D900C7B983 /* TookKit */,
				C5A125AC1CFEE7E700FEA77A /* Supporting Files */,
			);
			path = MKActionSheetDemo;
			sourceTree = "<group>";
		};
		C5A125F21CFEE98F00FEA77A /* Origin */ = {
			isa = PBXGroup;
			children = (
				C5DFD7E81CFFF66500A9E037 /* Default-568h@2x.png */,
				C5A125E01CFEE91900FEA77A /* AppDelegate.h */,
				C5A125E11CFEE91900FEA77A /* AppDelegate.m */,
				C5A125E21CFEE91900FEA77A /* Assets.xcassets */,
				C5A125E71CFEE91900FEA77A /* Info.plist */,
				C5A125E31CFEE91900FEA77A /* LaunchScreen.storyboard */,
				C5A125E51CFEE91900FEA77A /* Main.storyboard */,
			);
			name = Origin;
			sourceTree = "<group>";
		};
		C5CB17FA1D5B04D900C7B983 /* TookKit */ = {
			isa = PBXGroup;
			children = (
				C51FB22E1D547DEF00A766E1 /* Toast */,
			);
			name = TookKit;
			sourceTree = "<group>";
		};
		E57DB3F1F3D7580C43E2D390 /* Pods */ = {
			isa = PBXGroup;
			children = (
				1A0AB92F45101B2D7A88190B /* Pods-MKActionSheet.debug.xcconfig */,
				D452706DB8406564AF8A4BBE /* Pods-MKActionSheet.release.xcconfig */,
			);
			name = Pods;
			sourceTree = "<group>";
		};
/* End PBXGroup section */

/* Begin PBXNativeTarget section */
		C5A125A81CFEE7E700FEA77A /* MKActionSheet */ = {
			isa = PBXNativeTarget;
			buildConfigurationList = C5A125D61CFEE7E700FEA77A /* Build configuration list for PBXNativeTarget "MKActionSheet" */;
			buildPhases = (
				6B37F529347CE32996EB6468 /* [CP] Check Pods Manifest.lock */,
				C5A125A51CFEE7E700FEA77A /* Sources */,
				C5A125A61CFEE7E700FEA77A /* Frameworks */,
				C5A125A71CFEE7E700FEA77A /* Resources */,
			);
			buildRules = (
			);
			dependencies = (
			);
			name = MKActionSheet;
			productName = MKActionSheet;
			productReference = C5A125A91CFEE7E700FEA77A /* MKActionSheet.app */;
			productType = "com.apple.product-type.application";
		};
		C5A125C11CFEE7E700FEA77A /* MKActionSheetTests */ = {
			isa = PBXNativeTarget;
			buildConfigurationList = C5A125D91CFEE7E700FEA77A /* Build configuration list for PBXNativeTarget "MKActionSheetTests" */;
			buildPhases = (
				C5A125BE1CFEE7E700FEA77A /* Sources */,
				C5A125BF1CFEE7E700FEA77A /* Frameworks */,
				C5A125C01CFEE7E700FEA77A /* Resources */,
			);
			buildRules = (
			);
			dependencies = (
				C5A125C41CFEE7E700FEA77A /* PBXTargetDependency */,
			);
			name = MKActionSheetTests;
			productName = MKActionSheetTests;
			productReference = C5A125C21CFEE7E700FEA77A /* MKActionSheetTests.xctest */;
			productType = "com.apple.product-type.bundle.unit-test";
		};
		C5A125CC1CFEE7E700FEA77A /* MKActionSheetUITests */ = {
			isa = PBXNativeTarget;
			buildConfigurationList = C5A125DC1CFEE7E700FEA77A /* Build configuration list for PBXNativeTarget "MKActionSheetUITests" */;
			buildPhases = (
				C5A125C91CFEE7E700FEA77A /* Sources */,
				C5A125CA1CFEE7E700FEA77A /* Frameworks */,
				C5A125CB1CFEE7E700FEA77A /* Resources */,
			);
			buildRules = (
			);
			dependencies = (
				C5A125CF1CFEE7E700FEA77A /* PBXTargetDependency */,
			);
			name = MKActionSheetUITests;
			productName = MKActionSheetUITests;
			productReference = C5A125CD1CFEE7E700FEA77A /* MKActionSheetUITests.xctest */;
			productType = "com.apple.product-type.bundle.ui-testing";
		};
/* End PBXNativeTarget section */

/* Begin PBXProject section */
		C5A125A11CFEE7E700FEA77A /* Project object */ = {
			isa = PBXProject;
			attributes = {
				LastUpgradeCheck = 1020;
				ORGANIZATIONNAME = MK;
				TargetAttributes = {
					C5A125A81CFEE7E700FEA77A = {
						CreatedOnToolsVersion = 7.3.1;
						DevelopmentTeam = HT92EFC285;
						ProvisioningStyle = Automatic;
					};
					C5A125C11CFEE7E700FEA77A = {
						CreatedOnToolsVersion = 7.3.1;
						TestTargetID = C5A125A81CFEE7E700FEA77A;
					};
					C5A125CC1CFEE7E700FEA77A = {
						CreatedOnToolsVersion = 7.3.1;
						TestTargetID = C5A125A81CFEE7E700FEA77A;
					};
				};
			};
			buildConfigurationList = C5A125A41CFEE7E700FEA77A /* Build configuration list for PBXProject "MKActionSheet" */;
			compatibilityVersion = "Xcode 6.3";
			developmentRegion = en;
			hasScannedForEncodings = 0;
			knownRegions = (
				en,
				Base,
			);
			mainGroup = C5A125A01CFEE7E700FEA77A;
			productRefGroup = C5A125AA1CFEE7E700FEA77A /* Products */;
			projectDirPath = "";
			projectRoot = "";
			targets = (
				C5A125A81CFEE7E700FEA77A /* MKActionSheet */,
				C5A125C11CFEE7E700FEA77A /* MKActionSheetTests */,
				C5A125CC1CFEE7E700FEA77A /* MKActionSheetUITests */,
			);
		};
/* End PBXProject section */

/* Begin PBXResourcesBuildPhase section */
		C5A125A71CFEE7E700FEA77A /* Resources */ = {
			isa = PBXResourcesBuildPhase;
			buildActionMask = 2147483647;
			files = (
				C5A125EC1CFEE91900FEA77A /* Assets.xcassets in Resources */,
				C56728541D9054F2002D0245 /* MKActionSheet.bundle in Resources */,
				C5A125EE1CFEE91900FEA77A /* Main.storyboard in Resources */,
				C5A125ED1CFEE91900FEA77A /* LaunchScreen.storyboard in Resources */,
				C5DFD7E91CFFF66500A9E037 /* Default-568h@2x.png in Resources */,
			);
			runOnlyForDeploymentPostprocessing = 0;
		};
		C5A125C01CFEE7E700FEA77A /* Resources */ = {
			isa = PBXResourcesBuildPhase;
			buildActionMask = 2147483647;
			files = (
			);
			runOnlyForDeploymentPostprocessing = 0;
		};
		C5A125CB1CFEE7E700FEA77A /* Resources */ = {
			isa = PBXResourcesBuildPhase;
			buildActionMask = 2147483647;
			files = (
			);
			runOnlyForDeploymentPostprocessing = 0;
		};
/* End PBXResourcesBuildPhase section */

/* Begin PBXShellScriptBuildPhase section */
		6B37F529347CE32996EB6468 /* [CP] Check Pods Manifest.lock */ = {
			isa = PBXShellScriptBuildPhase;
			buildActionMask = 2147483647;
			files = (
			);
			inputPaths = (
				"${PODS_PODFILE_DIR_PATH}/Podfile.lock",
				"${PODS_ROOT}/Manifest.lock",
			);
			name = "[CP] Check Pods Manifest.lock";
			outputPaths = (
				"$(DERIVED_FILE_DIR)/Pods-MKActionSheet-checkManifestLockResult.txt",
			);
			runOnlyForDeploymentPostprocessing = 0;
			shellPath = /bin/sh;
			shellScript = "diff \"${PODS_PODFILE_DIR_PATH}/Podfile.lock\" \"${PODS_ROOT}/Manifest.lock\" > /dev/null\nif [ $? != 0 ] ; then\n    # print error to STDERR\n    echo \"error: The sandbox is not in sync with the Podfile.lock. Run 'pod install' or update your CocoaPods installation.\" >&2\n    exit 1\nfi\n# This output is used by Xcode 'outputs' to avoid re-running this script phase.\necho \"SUCCESS\" > \"${SCRIPT_OUTPUT_FILE_0}\"\n";
			showEnvVarsInLog = 0;
		};
/* End PBXShellScriptBuildPhase section */

/* Begin PBXSourcesBuildPhase section */
		C5A125A51CFEE7E700FEA77A /* Sources */ = {
			isa = PBXSourcesBuildPhase;
			buildActionMask = 2147483647;
			files = (
				C5A125F11CFEE91900FEA77A /* ViewController.m in Sources */,
				C51FB2411D547DEF00A766E1 /* UIView+Toast.m in Sources */,
				C5BD1B6C1ECEA611007F45DD /* MKASOrientationConfig.m in Sources */,
				C52062FA1EBC218A0005F3D2 /* MKASRootViewController.m in Sources */,
				C53D40AE1D524DB1003E1545 /* InfoModel.m in Sources */,
				C56728551D9054F2002D0245 /* MKActionSheet.m in Sources */,
				C5AEE5BD1EB0483C00D3BF3C /* MKActionSheetAdd.m in Sources */,
				C5A125F01CFEE91900FEA77A /* main.m in Sources */,
				C5A125EB1CFEE91900FEA77A /* AppDelegate.m in Sources */,
			);
			runOnlyForDeploymentPostprocessing = 0;
		};
		C5A125BE1CFEE7E700FEA77A /* Sources */ = {
			isa = PBXSourcesBuildPhase;
			buildActionMask = 2147483647;
			files = (
				C5A125C71CFEE7E700FEA77A /* MKActionSheetTests.m in Sources */,
			);
			runOnlyForDeploymentPostprocessing = 0;
		};
		C5A125C91CFEE7E700FEA77A /* Sources */ = {
			isa = PBXSourcesBuildPhase;
			buildActionMask = 2147483647;
			files = (
				C5A125D21CFEE7E700FEA77A /* MKActionSheetUITests.m in Sources */,
			);
			runOnlyForDeploymentPostprocessing = 0;
		};
/* End PBXSourcesBuildPhase section */

/* Begin PBXTargetDependency section */
		C5A125C41CFEE7E700FEA77A /* PBXTargetDependency */ = {
			isa = PBXTargetDependency;
			target = C5A125A81CFEE7E700FEA77A /* MKActionSheet */;
			targetProxy = C5A125C31CFEE7E700FEA77A /* PBXContainerItemProxy */;
		};
		C5A125CF1CFEE7E700FEA77A /* PBXTargetDependency */ = {
			isa = PBXTargetDependency;
			target = C5A125A81CFEE7E700FEA77A /* MKActionSheet */;
			targetProxy = C5A125CE1CFEE7E700FEA77A /* PBXContainerItemProxy */;
		};
/* End PBXTargetDependency section */

/* Begin PBXVariantGroup section */
		C5A125E31CFEE91900FEA77A /* LaunchScreen.storyboard */ = {
			isa = PBXVariantGroup;
			children = (
				C5A125E41CFEE91900FEA77A /* Base */,
			);
			name = LaunchScreen.storyboard;
			sourceTree = "<group>";
		};
		C5A125E51CFEE91900FEA77A /* Main.storyboard */ = {
			isa = PBXVariantGroup;
			children = (
				C5A125E61CFEE91900FEA77A /* Base */,
			);
			name = Main.storyboard;
			sourceTree = "<group>";
		};
/* End PBXVariantGroup section */

/* Begin XCBuildConfiguration section */
		C5A125D41CFEE7E700FEA77A /* Debug */ = {
			isa = XCBuildConfiguration;
			buildSettings = {
				ALWAYS_SEARCH_USER_PATHS = NO;
				CLANG_ANALYZER_LOCALIZABILITY_NONLOCALIZED = YES;
				CLANG_ANALYZER_NONNULL = YES;
				CLANG_CXX_LANGUAGE_STANDARD = "gnu++0x";
				CLANG_CXX_LIBRARY = "libc++";
				CLANG_ENABLE_MODULES = YES;
				CLANG_ENABLE_OBJC_ARC = YES;
				CLANG_WARN_BLOCK_CAPTURE_AUTORELEASING = YES;
				CLANG_WARN_BOOL_CONVERSION = YES;
				CLANG_WARN_COMMA = YES;
				CLANG_WARN_CONSTANT_CONVERSION = YES;
				CLANG_WARN_DEPRECATED_OBJC_IMPLEMENTATIONS = YES;
				CLANG_WARN_DIRECT_OBJC_ISA_USAGE = YES_ERROR;
				CLANG_WARN_EMPTY_BODY = YES;
				CLANG_WARN_ENUM_CONVERSION = YES;
				CLANG_WARN_INFINITE_RECURSION = YES;
				CLANG_WARN_INT_CONVERSION = YES;
				CLANG_WARN_NON_LITERAL_NULL_CONVERSION = YES;
				CLANG_WARN_OBJC_IMPLICIT_RETAIN_SELF = YES;
				CLANG_WARN_OBJC_LITERAL_CONVERSION = YES;
				CLANG_WARN_OBJC_ROOT_CLASS = YES_ERROR;
				CLANG_WARN_RANGE_LOOP_ANALYSIS = YES;
				CLANG_WARN_STRICT_PROTOTYPES = YES;
				CLANG_WARN_SUSPICIOUS_MOVE = YES;
				CLANG_WARN_UNREACHABLE_CODE = YES;
				CLANG_WARN__DUPLICATE_METHOD_MATCH = YES;
				"CODE_SIGN_IDENTITY[sdk=iphoneos*]" = "iPhone Developer";
				COPY_PHASE_STRIP = NO;
				DEBUG_INFORMATION_FORMAT = dwarf;
				ENABLE_STRICT_OBJC_MSGSEND = YES;
				ENABLE_TESTABILITY = YES;
				GCC_C_LANGUAGE_STANDARD = gnu99;
				GCC_DYNAMIC_NO_PIC = NO;
				GCC_NO_COMMON_BLOCKS = YES;
				GCC_OPTIMIZATION_LEVEL = 0;
				GCC_PREPROCESSOR_DEFINITIONS = (
					"DEBUG=1",
					"$(inherited)",
				);
				GCC_WARN_64_TO_32_BIT_CONVERSION = YES;
				GCC_WARN_ABOUT_RETURN_TYPE = YES_ERROR;
				GCC_WARN_UNDECLARED_SELECTOR = YES;
				GCC_WARN_UNINITIALIZED_AUTOS = YES_AGGRESSIVE;
				GCC_WARN_UNUSED_FUNCTION = YES;
				GCC_WARN_UNUSED_VARIABLE = YES;
				IPHONEOS_DEPLOYMENT_TARGET = 8.0;
				MTL_ENABLE_DEBUG_INFO = YES;
				ONLY_ACTIVE_ARCH = YES;
				SDKROOT = iphoneos;
				TARGETED_DEVICE_FAMILY = "1,2";
			};
			name = Debug;
		};
		C5A125D51CFEE7E700FEA77A /* Release */ = {
			isa = XCBuildConfiguration;
			buildSettings = {
				ALWAYS_SEARCH_USER_PATHS = NO;
				CLANG_ANALYZER_LOCALIZABILITY_NONLOCALIZED = YES;
				CLANG_ANALYZER_NONNULL = YES;
				CLANG_CXX_LANGUAGE_STANDARD = "gnu++0x";
				CLANG_CXX_LIBRARY = "libc++";
				CLANG_ENABLE_MODULES = YES;
				CLANG_ENABLE_OBJC_ARC = YES;
				CLANG_WARN_BLOCK_CAPTURE_AUTORELEASING = YES;
				CLANG_WARN_BOOL_CONVERSION = YES;
				CLANG_WARN_COMMA = YES;
				CLANG_WARN_CONSTANT_CONVERSION = YES;
				CLANG_WARN_DEPRECATED_OBJC_IMPLEMENTATIONS = YES;
				CLANG_WARN_DIRECT_OBJC_ISA_USAGE = YES_ERROR;
				CLANG_WARN_EMPTY_BODY = YES;
				CLANG_WARN_ENUM_CONVERSION = YES;
				CLANG_WARN_INFINITE_RECURSION = YES;
				CLANG_WARN_INT_CONVERSION = YES;
				CLANG_WARN_NON_LITERAL_NULL_CONVERSION = YES;
				CLANG_WARN_OBJC_IMPLICIT_RETAIN_SELF = YES;
				CLANG_WARN_OBJC_LITERAL_CONVERSION = YES;
				CLANG_WARN_OBJC_ROOT_CLASS = YES_ERROR;
				CLANG_WARN_RANGE_LOOP_ANALYSIS = YES;
				CLANG_WARN_STRICT_PROTOTYPES = YES;
				CLANG_WARN_SUSPICIOUS_MOVE = YES;
				CLANG_WARN_UNREACHABLE_CODE = YES;
				CLANG_WARN__DUPLICATE_METHOD_MATCH = YES;
				"CODE_SIGN_IDENTITY[sdk=iphoneos*]" = "iPhone Developer";
				COPY_PHASE_STRIP = NO;
				DEBUG_INFORMATION_FORMAT = "dwarf-with-dsym";
				ENABLE_NS_ASSERTIONS = NO;
				ENABLE_STRICT_OBJC_MSGSEND = YES;
				GCC_C_LANGUAGE_STANDARD = gnu99;
				GCC_NO_COMMON_BLOCKS = YES;
				GCC_WARN_64_TO_32_BIT_CONVERSION = YES;
				GCC_WARN_ABOUT_RETURN_TYPE = YES_ERROR;
				GCC_WARN_UNDECLARED_SELECTOR = YES;
				GCC_WARN_UNINITIALIZED_AUTOS = YES_AGGRESSIVE;
				GCC_WARN_UNUSED_FUNCTION = YES;
				GCC_WARN_UNUSED_VARIABLE = YES;
				IPHONEOS_DEPLOYMENT_TARGET = 8.0;
				MTL_ENABLE_DEBUG_INFO = NO;
				SDKROOT = iphoneos;
				TARGETED_DEVICE_FAMILY = "1,2";
				VALIDATE_PRODUCT = YES;
			};
			name = Release;
		};
		C5A125D71CFEE7E700FEA77A /* Debug */ = {
			isa = XCBuildConfiguration;
			baseConfigurationReference = 1A0AB92F45101B2D7A88190B /* Pods-MKActionSheet.debug.xcconfig */;
			buildSettings = {
				ASSETCATALOG_COMPILER_APPICON_NAME = AppIcon;
				CODE_SIGN_IDENTITY = "iPhone Developer";
				"CODE_SIGN_IDENTITY[sdk=iphoneos*]" = "iPhone Developer";
				CURRENT_PROJECT_VERSION = 2.1.2.0;
				DEVELOPMENT_TEAM = HT92EFC285;
				INFOPLIST_FILE = MKActionSheetDemo/Info.plist;
				IPHONEOS_DEPLOYMENT_TARGET = 8.0;
				LD_RUNPATH_SEARCH_PATHS = "$(inherited) @executable_path/Frameworks";
				MARKETING_VERSION = 2.1.2;
				PRODUCT_BUNDLE_IDENTIFIER = com.mk.MKActionSheet;
				PRODUCT_NAME = "$(TARGET_NAME)";
				PROVISIONING_PROFILE_SPECIFIER = "";
			};
			name = Debug;
		};
		C5A125D81CFEE7E700FEA77A /* Release */ = {
			isa = XCBuildConfiguration;
			baseConfigurationReference = D452706DB8406564AF8A4BBE /* Pods-MKActionSheet.release.xcconfig */;
			buildSettings = {
				ASSETCATALOG_COMPILER_APPICON_NAME = AppIcon;
				CODE_SIGN_IDENTITY = "iPhone Developer";
				"CODE_SIGN_IDENTITY[sdk=iphoneos*]" = "iPhone Developer";
				CURRENT_PROJECT_VERSION = 2.1.2.0;
				DEVELOPMENT_TEAM = HT92EFC285;
				INFOPLIST_FILE = MKActionSheetDemo/Info.plist;
				IPHONEOS_DEPLOYMENT_TARGET = 8.0;
				LD_RUNPATH_SEARCH_PATHS = "$(inherited) @executable_path/Frameworks";
				MARKETING_VERSION = 2.1.2;
				PRODUCT_BUNDLE_IDENTIFIER = com.mk.MKActionSheet;
				PRODUCT_NAME = "$(TARGET_NAME)";
				PROVISIONING_PROFILE_SPECIFIER = "";
			};
			name = Release;
		};
		C5A125DA1CFEE7E700FEA77A /* Debug */ = {
			isa = XCBuildConfiguration;
			buildSettings = {
				BUNDLE_LOADER = "$(TEST_HOST)";
				INFOPLIST_FILE = MKActionSheetTests/Info.plist;
				LD_RUNPATH_SEARCH_PATHS = "$(inherited) @executable_path/Frameworks @loader_path/Frameworks";
				PRODUCT_BUNDLE_IDENTIFIER = com.mk.MKActionSheetTests;
				PRODUCT_NAME = "$(TARGET_NAME)";
				TEST_HOST = "$(BUILT_PRODUCTS_DIR)/MKActionSheet.app/MKActionSheet";
			};
			name = Debug;
		};
		C5A125DB1CFEE7E700FEA77A /* Release */ = {
			isa = XCBuildConfiguration;
			buildSettings = {
				BUNDLE_LOADER = "$(TEST_HOST)";
				INFOPLIST_FILE = MKActionSheetTests/Info.plist;
				LD_RUNPATH_SEARCH_PATHS = "$(inherited) @executable_path/Frameworks @loader_path/Frameworks";
				PRODUCT_BUNDLE_IDENTIFIER = com.mk.MKActionSheetTests;
				PRODUCT_NAME = "$(TARGET_NAME)";
				TEST_HOST = "$(BUILT_PRODUCTS_DIR)/MKActionSheet.app/MKActionSheet";
			};
			name = Release;
		};
		C5A125DD1CFEE7E700FEA77A /* Debug */ = {
			isa = XCBuildConfiguration;
			buildSettings = {
				INFOPLIST_FILE = MKActionSheetUITests/Info.plist;
				LD_RUNPATH_SEARCH_PATHS = "$(inherited) @executable_path/Frameworks @loader_path/Frameworks";
				PRODUCT_BUNDLE_IDENTIFIER = com.mk.MKActionSheetUITests;
				PRODUCT_NAME = "$(TARGET_NAME)";
				TEST_TARGET_NAME = MKActionSheet;
			};
			name = Debug;
		};
		C5A125DE1CFEE7E700FEA77A /* Release */ = {
			isa = XCBuildConfiguration;
			buildSettings = {
				INFOPLIST_FILE = MKActionSheetUITests/Info.plist;
				LD_RUNPATH_SEARCH_PATHS = "$(inherited) @executable_path/Frameworks @loader_path/Frameworks";
				PRODUCT_BUNDLE_IDENTIFIER = com.mk.MKActionSheetUITests;
				PRODUCT_NAME = "$(TARGET_NAME)";
				TEST_TARGET_NAME = MKActionSheet;
			};
			name = Release;
		};
/* End XCBuildConfiguration section */

/* Begin XCConfigurationList section */
		C5A125A41CFEE7E700FEA77A /* Build configuration list for PBXProject "MKActionSheet" */ = {
			isa = XCConfigurationList;
			buildConfigurations = (
				C5A125D41CFEE7E700FEA77A /* Debug */,
				C5A125D51CFEE7E700FEA77A /* Release */,
			);
			defaultConfigurationIsVisible = 0;
			defaultConfigurationName = Release;
		};
		C5A125D61CFEE7E700FEA77A /* Build configuration list for PBXNativeTarget "MKActionSheet" */ = {
			isa = XCConfigurationList;
			buildConfigurations = (
				C5A125D71CFEE7E700FEA77A /* Debug */,
				C5A125D81CFEE7E700FEA77A /* Release */,
			);
			defaultConfigurationIsVisible = 0;
			defaultConfigurationName = Release;
		};
		C5A125D91CFEE7E700FEA77A /* Build configuration list for PBXNativeTarget "MKActionSheetTests" */ = {
			isa = XCConfigurationList;
			buildConfigurations = (
				C5A125DA1CFEE7E700FEA77A /* Debug */,
				C5A125DB1CFEE7E700FEA77A /* Release */,
			);
			defaultConfigurationIsVisible = 0;
			defaultConfigurationName = Release;
		};
		C5A125DC1CFEE7E700FEA77A /* Build configuration list for PBXNativeTarget "MKActionSheetUITests" */ = {
			isa = XCConfigurationList;
			buildConfigurations = (
				C5A125DD1CFEE7E700FEA77A /* Debug */,
				C5A125DE1CFEE7E700FEA77A /* Release */,
			);
			defaultConfigurationIsVisible = 0;
			defaultConfigurationName = Release;
		};
/* End XCConfigurationList section */
	};
	rootObject = C5A125A11CFEE7E700FEA77A /* Project object */;
}
