// !$*UTF8*$!
{
	archiveVersion = 1;
	classes = {
	};
	objectVersion = 47;
	objects = {

/* Begin PBXBuildFile section */
		C51FB2311D547DEF00A766E1 /* MKAnnotationView+WebCache.m in Sources */ = {isa = PBXBuildFile; fileRef = C51FB20E1D547DEF00A766E1 /* MKAnnotationView+WebCache.m */; };
		C51FB2321D547DEF00A766E1 /* NSData+ImageContentType.m in Sources */ = {isa = PBXBuildFile; fileRef = C51FB2101D547DEF00A766E1 /* NSData+ImageContentType.m */; };
		C51FB2331D547DEF00A766E1 /* SDImageCache.m in Sources */ = {isa = PBXBuildFile; fileRef = C51FB2121D547DEF00A766E1 /* SDImageCache.m */; };
		C51FB2341D547DEF00A766E1 /* SDWebImageCompat.m in Sources */ = {isa = PBXBuildFile; fileRef = C51FB2141D547DEF00A766E1 /* SDWebImageCompat.m */; };
		C51FB2351D547DEF00A766E1 /* SDWebImageDecoder.m in Sources */ = {isa = PBXBuildFile; fileRef = C51FB2161D547DEF00A766E1 /* SDWebImageDecoder.m */; };
		C51FB2361D547DEF00A766E1 /* SDWebImageDownloader.m in Sources */ = {isa = PBXBuildFile; fileRef = C51FB2181D547DEF00A766E1 /* SDWebImageDownloader.m */; };
		C51FB2371D547DEF00A766E1 /* SDWebImageDownloaderOperation.m in Sources */ = {isa = PBXBuildFile; fileRef = C51FB21A1D547DEF00A766E1 /* SDWebImageDownloaderOperation.m */; };
		C51FB2381D547DEF00A766E1 /* SDWebImageManager.m in Sources */ = {isa = PBXBuildFile; fileRef = C51FB21C1D547DEF00A766E1 /* SDWebImageManager.m */; };
		C51FB2391D547DEF00A766E1 /* SDWebImagePrefetcher.m in Sources */ = {isa = PBXBuildFile; fileRef = C51FB21F1D547DEF00A766E1 /* SDWebImagePrefetcher.m */; };
		C51FB23A1D547DEF00A766E1 /* UIButton+WebCache.m in Sources */ = {isa = PBXBuildFile; fileRef = C51FB2211D547DEF00A766E1 /* UIButton+WebCache.m */; };
		C51FB23B1D547DEF00A766E1 /* UIImage+GIF.m in Sources */ = {isa = PBXBuildFile; fileRef = C51FB2231D547DEF00A766E1 /* UIImage+GIF.m */; };
		C51FB23C1D547DEF00A766E1 /* UIImage+MultiFormat.m in Sources */ = {isa = PBXBuildFile; fileRef = C51FB2251D547DEF00A766E1 /* UIImage+MultiFormat.m */; };
		C51FB23D1D547DEF00A766E1 /* UIImage+WebP.m in Sources */ = {isa = PBXBuildFile; fileRef = C51FB2271D547DEF00A766E1 /* UIImage+WebP.m */; };
		C51FB23E1D547DEF00A766E1 /* UIImageView+HighlightedWebCache.m in Sources */ = {isa = PBXBuildFile; fileRef = C51FB2291D547DEF00A766E1 /* UIImageView+HighlightedWebCache.m */; };
		C51FB23F1D547DEF00A766E1 /* UIImageView+WebCache.m in Sources */ = {isa = PBXBuildFile; fileRef = C51FB22B1D547DEF00A766E1 /* UIImageView+WebCache.m */; };
		C51FB2401D547DEF00A766E1 /* UIView+WebCacheOperation.m in Sources */ = {isa = PBXBuildFile; fileRef = C51FB22D1D547DEF00A766E1 /* UIView+WebCacheOperation.m */; };
		C51FB2411D547DEF00A766E1 /* UIView+Toast.m in Sources */ = {isa = PBXBuildFile; fileRef = C51FB2301D547DEF00A766E1 /* UIView+Toast.m */; };
		C51FB2481D55D9ED00A766E1 /* MKFPSStatus.m in Sources */ = {isa = PBXBuildFile; fileRef = C51FB2471D55D9ED00A766E1 /* MKFPSStatus.m */; };
		C52062FA1EBC218A0005F3D2 /* MKASRootViewController.m in Sources */ = {isa = PBXBuildFile; fileRef = C52062F91EBC218A0005F3D2 /* MKASRootViewController.m */; };
		C53D40AE1D524DB1003E1545 /* InfoModel.m in Sources */ = {isa = PBXBuildFile; fileRef = C53D40AD1D524DB1003E1545 /* InfoModel.m */; };
		C56728541D9054F2002D0245 /* MKActionSheet.bundle in Resources */ = {isa = PBXBuildFile; fileRef = C567284B1D9054F2002D0245 /* MKActionSheet.bundle */; };
		C56728551D9054F2002D0245 /* MKActionSheet.m in Sources */ = {isa = PBXBuildFile; fileRef = C567284D1D9054F2002D0245 /* MKActionSheet.m */; };
		C56728561D9054F2002D0245 /* MKActionSheetCell.m in Sources */ = {isa = PBXBuildFile; fileRef = C567284F1D9054F2002D0245 /* MKActionSheetCell.m */; };
		C5A125C71CFEE7E700FEA77A /* MKActionSheetTests.m in Sources */ = {isa = PBXBuildFile; fileRef = C5A125C61CFEE7E700FEA77A /* MKActionSheetTests.m */; };
		C5A125D21CFEE7E700FEA77A /* MKActionSheetUITests.m in Sources */ = {isa = PBXBuildFile; fileRef = C5A125D11CFEE7E700FEA77A /* MKActionSheetUITests.m */; };
		C5A125EB1CFEE91900FEA77A /* AppDelegate.m in Sources */ = {isa = PBXBuildFile; fileRef = C5A125E11CFEE91900FEA77A /* AppDelegate.m */; };
		C5A125EC1CFEE91900FEA77A /* Assets.xcassets in Resources */ = {isa = PBXBuildFile; fileRef = C5A125E21CFEE91900FEA77A /* Assets.xcassets */; };
		C5A125ED1CFEE91900FEA77A /* LaunchScreen.storyboard in Resources */ = {isa = PBXBuildFile; fileRef = C5A125E31CFEE91900FEA77A /* LaunchScreen.storyboard */; };
		C5A125EE1CFEE91900FEA77A /* Main.storyboard in Resources */ = {isa = PBXBuildFile; fileRef = C5A125E51CFEE91900FEA77A /* Main.storyboard */; };
		C5A125F01CFEE91900FEA77A /* main.m in Sources */ = {isa = PBXBuildFile; fileRef = C5A125E81CFEE91900FEA77A /* main.m */; };
		C5A125F11CFEE91900FEA77A /* ViewController.m in Sources */ = {isa = PBXBuildFile; fileRef = C5A125EA1CFEE91900FEA77A /* ViewController.m */; };
		C5AEE5BD1EB0483C00D3BF3C /* MKActionSheetAdd.m in Sources */ = {isa = PBXBuildFile; fileRef = C5AEE5BC1EB0483C00D3BF3C /* MKActionSheetAdd.m */; };
		C5D6C19E1D67674A003598E7 /* MASCompositeConstraint.m in Sources */ = {isa = PBXBuildFile; fileRef = C5D6C1851D67674A003598E7 /* MASCompositeConstraint.m */; };
		C5D6C19F1D67674A003598E7 /* MASConstraint.m in Sources */ = {isa = PBXBuildFile; fileRef = C5D6C1881D67674A003598E7 /* MASConstraint.m */; };
		C5D6C1A01D67674A003598E7 /* MASConstraintMaker.m in Sources */ = {isa = PBXBuildFile; fileRef = C5D6C18A1D67674A003598E7 /* MASConstraintMaker.m */; };
		C5D6C1A11D67674A003598E7 /* MASLayoutConstraint.m in Sources */ = {isa = PBXBuildFile; fileRef = C5D6C18C1D67674A003598E7 /* MASLayoutConstraint.m */; };
		C5D6C1A21D67674A003598E7 /* MASViewAttribute.m in Sources */ = {isa = PBXBuildFile; fileRef = C5D6C1901D67674A003598E7 /* MASViewAttribute.m */; };
		C5D6C1A31D67674A003598E7 /* MASViewConstraint.m in Sources */ = {isa = PBXBuildFile; fileRef = C5D6C1921D67674A003598E7 /* MASViewConstraint.m */; };
		C5D6C1A41D67674A003598E7 /* NSArray+MASAdditions.m in Sources */ = {isa = PBXBuildFile; fileRef = C5D6C1941D67674A003598E7 /* NSArray+MASAdditions.m */; };
		C5D6C1A51D67674A003598E7 /* NSLayoutConstraint+MASDebugAdditions.m in Sources */ = {isa = PBXBuildFile; fileRef = C5D6C1971D67674A003598E7 /* NSLayoutConstraint+MASDebugAdditions.m */; };
		C5D6C1A61D67674A003598E7 /* View+MASAdditions.m in Sources */ = {isa = PBXBuildFile; fileRef = C5D6C1991D67674A003598E7 /* View+MASAdditions.m */; };
		C5D6C1A71D67674A003598E7 /* ViewController+MASAdditions.m in Sources */ = {isa = PBXBuildFile; fileRef = C5D6C19C1D67674A003598E7 /* ViewController+MASAdditions.m */; };
		C5DFD7E91CFFF66500A9E037 /* Default-568h@2x.png in Resources */ = {isa = PBXBuildFile; fileRef = C5DFD7E81CFFF66500A9E037 /* Default-568h@2x.png */; };
/* End PBXBuildFile section */

/* Begin PBXContainerItemProxy section */
		C5A125C31CFEE7E700FEA77A /* PBXContainerItemProxy */ = {
			isa = PBXContainerItemProxy;
			containerPortal = C5A125A11CFEE7E700FEA77A /* Project object */;
			proxyType = 1;
			remoteGlobalIDString = C5A125A81CFEE7E700FEA77A;
			remoteInfo = MKActionSheet;
		};
		C5A125CE1CFEE7E700FEA77A /* PBXContainerItemProxy */ = {
			isa = PBXContainerItemProxy;
			containerPortal = C5A125A11CFEE7E700FEA77A /* Project object */;
			proxyType = 1;
			remoteGlobalIDString = C5A125A81CFEE7E700FEA77A;
			remoteInfo = MKActionSheet;
		};
/* End PBXContainerItemProxy section */

/* Begin PBXFileReference section */
		C51FB20D1D547DEF00A766E1 /* MKAnnotationView+WebCache.h */ = {isa = PBXFileReference; fileEncoding = 4; lastKnownFileType = sourcecode.c.h; path = "MKAnnotationView+WebCache.h"; sourceTree = "<group>"; };
		C51FB20E1D547DEF00A766E1 /* MKAnnotationView+WebCache.m */ = {isa = PBXFileReference; fileEncoding = 4; lastKnownFileType = sourcecode.c.objc; path = "MKAnnotationView+WebCache.m"; sourceTree = "<group>"; };
		C51FB20F1D547DEF00A766E1 /* NSData+ImageContentType.h */ = {isa = PBXFileReference; fileEncoding = 4; lastKnownFileType = sourcecode.c.h; path = "NSData+ImageContentType.h"; sourceTree = "<group>"; };
		C51FB2101D547DEF00A766E1 /* NSData+ImageContentType.m */ = {isa = PBXFileReference; fileEncoding = 4; lastKnownFileType = sourcecode.c.objc; path = "NSData+ImageContentType.m"; sourceTree = "<group>"; };
		C51FB2111D547DEF00A766E1 /* SDImageCache.h */ = {isa = PBXFileReference; fileEncoding = 4; lastKnownFileType = sourcecode.c.h; path = SDImageCache.h; sourceTree = "<group>"; };
		C51FB2121D547DEF00A766E1 /* SDImageCache.m */ = {isa = PBXFileReference; fileEncoding = 4; lastKnownFileType = sourcecode.c.objc; path = SDImageCache.m; sourceTree = "<group>"; };
		C51FB2131D547DEF00A766E1 /* SDWebImageCompat.h */ = {isa = PBXFileReference; fileEncoding = 4; lastKnownFileType = sourcecode.c.h; path = SDWebImageCompat.h; sourceTree = "<group>"; };
		C51FB2141D547DEF00A766E1 /* SDWebImageCompat.m */ = {isa = PBXFileReference; fileEncoding = 4; lastKnownFileType = sourcecode.c.objc; path = SDWebImageCompat.m; sourceTree = "<group>"; };
		C51FB2151D547DEF00A766E1 /* SDWebImageDecoder.h */ = {isa = PBXFileReference; fileEncoding = 4; lastKnownFileType = sourcecode.c.h; path = SDWebImageDecoder.h; sourceTree = "<group>"; };
		C51FB2161D547DEF00A766E1 /* SDWebImageDecoder.m */ = {isa = PBXFileReference; fileEncoding = 4; lastKnownFileType = sourcecode.c.objc; path = SDWebImageDecoder.m; sourceTree = "<group>"; };
		C51FB2171D547DEF00A766E1 /* SDWebImageDownloader.h */ = {isa = PBXFileReference; fileEncoding = 4; lastKnownFileType = sourcecode.c.h; path = SDWebImageDownloader.h; sourceTree = "<group>"; };
		C51FB2181D547DEF00A766E1 /* SDWebImageDownloader.m */ = {isa = PBXFileReference; fileEncoding = 4; lastKnownFileType = sourcecode.c.objc; path = SDWebImageDownloader.m; sourceTree = "<group>"; };
		C51FB2191D547DEF00A766E1 /* SDWebImageDownloaderOperation.h */ = {isa = PBXFileReference; fileEncoding = 4; lastKnownFileType = sourcecode.c.h; path = SDWebImageDownloaderOperation.h; sourceTree = "<group>"; };
		C51FB21A1D547DEF00A766E1 /* SDWebImageDownloaderOperation.m */ = {isa = PBXFileReference; fileEncoding = 4; lastKnownFileType = sourcecode.c.objc; path = SDWebImageDownloaderOperation.m; sourceTree = "<group>"; };
		C51FB21B1D547DEF00A766E1 /* SDWebImageManager.h */ = {isa = PBXFileReference; fileEncoding = 4; lastKnownFileType = sourcecode.c.h; path = SDWebImageManager.h; sourceTree = "<group>"; };
		C51FB21C1D547DEF00A766E1 /* SDWebImageManager.m */ = {isa = PBXFileReference; fileEncoding = 4; lastKnownFileType = sourcecode.c.objc; path = SDWebImageManager.m; sourceTree = "<group>"; };
		C51FB21D1D547DEF00A766E1 /* SDWebImageOperation.h */ = {isa = PBXFileReference; fileEncoding = 4; lastKnownFileType = sourcecode.c.h; path = SDWebImageOperation.h; sourceTree = "<group>"; };
		C51FB21E1D547DEF00A766E1 /* SDWebImagePrefetcher.h */ = {isa = PBXFileReference; fileEncoding = 4; lastKnownFileType = sourcecode.c.h; path = SDWebImagePrefetcher.h; sourceTree = "<group>"; };
		C51FB21F1D547DEF00A766E1 /* SDWebImagePrefetcher.m */ = {isa = PBXFileReference; fileEncoding = 4; lastKnownFileType = sourcecode.c.objc; path = SDWebImagePrefetcher.m; sourceTree = "<group>"; };
		C51FB2201D547DEF00A766E1 /* UIButton+WebCache.h */ = {isa = PBXFileReference; fileEncoding = 4; lastKnownFileType = sourcecode.c.h; path = "UIButton+WebCache.h"; sourceTree = "<group>"; };
		C51FB2211D547DEF00A766E1 /* UIButton+WebCache.m */ = {isa = PBXFileReference; fileEncoding = 4; lastKnownFileType = sourcecode.c.objc; path = "UIButton+WebCache.m"; sourceTree = "<group>"; };
		C51FB2221D547DEF00A766E1 /* UIImage+GIF.h */ = {isa = PBXFileReference; fileEncoding = 4; lastKnownFileType = sourcecode.c.h; path = "UIImage+GIF.h"; sourceTree = "<group>"; };
		C51FB2231D547DEF00A766E1 /* UIImage+GIF.m */ = {isa = PBXFileReference; fileEncoding = 4; lastKnownFileType = sourcecode.c.objc; path = "UIImage+GIF.m"; sourceTree = "<group>"; };
		C51FB2241D547DEF00A766E1 /* UIImage+MultiFormat.h */ = {isa = PBXFileReference; fileEncoding = 4; lastKnownFileType = sourcecode.c.h; path = "UIImage+MultiFormat.h"; sourceTree = "<group>"; };
		C51FB2251D547DEF00A766E1 /* UIImage+MultiFormat.m */ = {isa = PBXFileReference; fileEncoding = 4; lastKnownFileType = sourcecode.c.objc; path = "UIImage+MultiFormat.m"; sourceTree = "<group>"; };
		C51FB2261D547DEF00A766E1 /* UIImage+WebP.h */ = {isa = PBXFileReference; fileEncoding = 4; lastKnownFileType = sourcecode.c.h; path = "UIImage+WebP.h"; sourceTree = "<group>"; };
		C51FB2271D547DEF00A766E1 /* UIImage+WebP.m */ = {isa = PBXFileReference; fileEncoding = 4; lastKnownFileType = sourcecode.c.objc; path = "UIImage+WebP.m"; sourceTree = "<group>"; };
		C51FB2281D547DEF00A766E1 /* UIImageView+HighlightedWebCache.h */ = {isa = PBXFileReference; fileEncoding = 4; lastKnownFileType = sourcecode.c.h; path = "UIImageView+HighlightedWebCache.h"; sourceTree = "<group>"; };
		C51FB2291D547DEF00A766E1 /* UIImageView+HighlightedWebCache.m */ = {isa = PBXFileReference; fileEncoding = 4; lastKnownFileType = sourcecode.c.objc; path = "UIImageView+HighlightedWebCache.m"; sourceTree = "<group>"; };
		C51FB22A1D547DEF00A766E1 /* UIImageView+WebCache.h */ = {isa = PBXFileReference; fileEncoding = 4; lastKnownFileType = sourcecode.c.h; path = "UIImageView+WebCache.h"; sourceTree = "<group>"; };
		C51FB22B1D547DEF00A766E1 /* UIImageView+WebCache.m */ = {isa = PBXFileReference; fileEncoding = 4; lastKnownFileType = sourcecode.c.objc; path = "UIImageView+WebCache.m"; sourceTree = "<group>"; };
		C51FB22C1D547DEF00A766E1 /* UIView+WebCacheOperation.h */ = {isa = PBXFileReference; fileEncoding = 4; lastKnownFileType = sourcecode.c.h; path = "UIView+WebCacheOperation.h"; sourceTree = "<group>"; };
		C51FB22D1D547DEF00A766E1 /* UIView+WebCacheOperation.m */ = {isa = PBXFileReference; fileEncoding = 4; lastKnownFileType = sourcecode.c.objc; path = "UIView+WebCacheOperation.m"; sourceTree = "<group>"; };
		C51FB22F1D547DEF00A766E1 /* UIView+Toast.h */ = {isa = PBXFileReference; fileEncoding = 4; lastKnownFileType = sourcecode.c.h; path = "UIView+Toast.h"; sourceTree = "<group>"; };
		C51FB2301D547DEF00A766E1 /* UIView+Toast.m */ = {isa = PBXFileReference; fileEncoding = 4; lastKnownFileType = sourcecode.c.objc; path = "UIView+Toast.m"; sourceTree = "<group>"; };
		C51FB2461D55D9ED00A766E1 /* MKFPSStatus.h */ = {isa = PBXFileReference; fileEncoding = 4; lastKnownFileType = sourcecode.c.h; path = MKFPSStatus.h; sourceTree = "<group>"; };
		C51FB2471D55D9ED00A766E1 /* MKFPSStatus.m */ = {isa = PBXFileReference; fileEncoding = 4; lastKnownFileType = sourcecode.c.objc; path = MKFPSStatus.m; sourceTree = "<group>"; };
		C52062F81EBC218A0005F3D2 /* MKASRootViewController.h */ = {isa = PBXFileReference; fileEncoding = 4; lastKnownFileType = sourcecode.c.h; path = MKASRootViewController.h; sourceTree = "<group>"; };
		C52062F91EBC218A0005F3D2 /* MKASRootViewController.m */ = {isa = PBXFileReference; fileEncoding = 4; lastKnownFileType = sourcecode.c.objc; path = MKASRootViewController.m; sourceTree = "<group>"; };
		C53D40AC1D524DB1003E1545 /* InfoModel.h */ = {isa = PBXFileReference; fileEncoding = 4; lastKnownFileType = sourcecode.c.h; path = InfoModel.h; sourceTree = "<group>"; };
		C53D40AD1D524DB1003E1545 /* InfoModel.m */ = {isa = PBXFileReference; fileEncoding = 4; lastKnownFileType = sourcecode.c.objc; path = InfoModel.m; sourceTree = "<group>"; };
		C567284B1D9054F2002D0245 /* MKActionSheet.bundle */ = {isa = PBXFileReference; lastKnownFileType = "wrapper.plug-in"; path = MKActionSheet.bundle; sourceTree = "<group>"; };
		C567284C1D9054F2002D0245 /* MKActionSheet.h */ = {isa = PBXFileReference; fileEncoding = 4; lastKnownFileType = sourcecode.c.h; path = MKActionSheet.h; sourceTree = "<group>"; };
		C567284D1D9054F2002D0245 /* MKActionSheet.m */ = {isa = PBXFileReference; fileEncoding = 4; lastKnownFileType = sourcecode.c.objc; path = MKActionSheet.m; sourceTree = "<group>"; };
		C567284E1D9054F2002D0245 /* MKActionSheetCell.h */ = {isa = PBXFileReference; fileEncoding = 4; lastKnownFileType = sourcecode.c.h; path = MKActionSheetCell.h; sourceTree = "<group>"; };
		C567284F1D9054F2002D0245 /* MKActionSheetCell.m */ = {isa = PBXFileReference; fileEncoding = 4; lastKnownFileType = sourcecode.c.objc; path = MKActionSheetCell.m; sourceTree = "<group>"; };
		C5A125A91CFEE7E700FEA77A /* MKActionSheet.app */ = {isa = PBXFileReference; explicitFileType = wrapper.application; includeInIndex = 0; path = MKActionSheet.app; sourceTree = BUILT_PRODUCTS_DIR; };
		C5A125C21CFEE7E700FEA77A /* MKActionSheetTests.xctest */ = {isa = PBXFileReference; explicitFileType = wrapper.cfbundle; includeInIndex = 0; path = MKActionSheetTests.xctest; sourceTree = BUILT_PRODUCTS_DIR; };
		C5A125C61CFEE7E700FEA77A /* MKActionSheetTests.m */ = {isa = PBXFileReference; lastKnownFileType = sourcecode.c.objc; path = MKActionSheetTests.m; sourceTree = "<group>"; };
		C5A125C81CFEE7E700FEA77A /* Info.plist */ = {isa = PBXFileReference; lastKnownFileType = text.plist.xml; path = Info.plist; sourceTree = "<group>"; };
		C5A125CD1CFEE7E700FEA77A /* MKActionSheetUITests.xctest */ = {isa = PBXFileReference; explicitFileType = wrapper.cfbundle; includeInIndex = 0; path = MKActionSheetUITests.xctest; sourceTree = BUILT_PRODUCTS_DIR; };
		C5A125D11CFEE7E700FEA77A /* MKActionSheetUITests.m */ = {isa = PBXFileReference; lastKnownFileType = sourcecode.c.objc; path = MKActionSheetUITests.m; sourceTree = "<group>"; };
		C5A125D31CFEE7E700FEA77A /* Info.plist */ = {isa = PBXFileReference; lastKnownFileType = text.plist.xml; path = Info.plist; sourceTree = "<group>"; };
		C5A125E01CFEE91900FEA77A /* AppDelegate.h */ = {isa = PBXFileReference; fileEncoding = 4; lastKnownFileType = sourcecode.c.h; path = AppDelegate.h; sourceTree = "<group>"; };
		C5A125E11CFEE91900FEA77A /* AppDelegate.m */ = {isa = PBXFileReference; fileEncoding = 4; lastKnownFileType = sourcecode.c.objc; path = AppDelegate.m; sourceTree = "<group>"; };
		C5A125E21CFEE91900FEA77A /* Assets.xcassets */ = {isa = PBXFileReference; lastKnownFileType = folder.assetcatalog; path = Assets.xcassets; sourceTree = "<group>"; };
		C5A125E41CFEE91900FEA77A /* Base */ = {isa = PBXFileReference; lastKnownFileType = file.storyboard; name = Base; path = Base.lproj/LaunchScreen.storyboard; sourceTree = "<group>"; };
		C5A125E61CFEE91900FEA77A /* Base */ = {isa = PBXFileReference; lastKnownFileType = file.storyboard; name = Base; path = Base.lproj/Main.storyboard; sourceTree = "<group>"; };
		C5A125E71CFEE91900FEA77A /* Info.plist */ = {isa = PBXFileReference; fileEncoding = 4; lastKnownFileType = text.plist.xml; name = Info.plist; path = MKActionSheetDemo/Info.plist; sourceTree = SOURCE_ROOT; };
		C5A125E81CFEE91900FEA77A /* main.m */ = {isa = PBXFileReference; fileEncoding = 4; lastKnownFileType = sourcecode.c.objc; name = main.m; path = MKActionSheetDemo/main.m; sourceTree = SOURCE_ROOT; };
		C5A125E91CFEE91900FEA77A /* ViewController.h */ = {isa = PBXFileReference; fileEncoding = 4; lastKnownFileType = sourcecode.c.h; path = ViewController.h; sourceTree = "<group>"; };
		C5A125EA1CFEE91900FEA77A /* ViewController.m */ = {isa = PBXFileReference; fileEncoding = 4; lastKnownFileType = sourcecode.c.objc; path = ViewController.m; sourceTree = "<group>"; };
		C5AEE5BB1EB0483C00D3BF3C /* MKActionSheetAdd.h */ = {isa = PBXFileReference; fileEncoding = 4; lastKnownFileType = sourcecode.c.h; path = MKActionSheetAdd.h; sourceTree = "<group>"; };
		C5AEE5BC1EB0483C00D3BF3C /* MKActionSheetAdd.m */ = {isa = PBXFileReference; fileEncoding = 4; lastKnownFileType = sourcecode.c.objc; path = MKActionSheetAdd.m; sourceTree = "<group>"; };
		C5D6C1841D67674A003598E7 /* MASCompositeConstraint.h */ = {isa = PBXFileReference; fileEncoding = 4; lastKnownFileType = sourcecode.c.h; path = MASCompositeConstraint.h; sourceTree = "<group>"; };
		C5D6C1851D67674A003598E7 /* MASCompositeConstraint.m */ = {isa = PBXFileReference; fileEncoding = 4; lastKnownFileType = sourcecode.c.objc; path = MASCompositeConstraint.m; sourceTree = "<group>"; };
		C5D6C1861D67674A003598E7 /* MASConstraint+Private.h */ = {isa = PBXFileReference; fileEncoding = 4; lastKnownFileType = sourcecode.c.h; path = "MASConstraint+Private.h"; sourceTree = "<group>"; };
		C5D6C1871D67674A003598E7 /* MASConstraint.h */ = {isa = PBXFileReference; fileEncoding = 4; lastKnownFileType = sourcecode.c.h; path = MASConstraint.h; sourceTree = "<group>"; };
		C5D6C1881D67674A003598E7 /* MASConstraint.m */ = {isa = PBXFileReference; fileEncoding = 4; lastKnownFileType = sourcecode.c.objc; path = MASConstraint.m; sourceTree = "<group>"; };
		C5D6C1891D67674A003598E7 /* MASConstraintMaker.h */ = {isa = PBXFileReference; fileEncoding = 4; lastKnownFileType = sourcecode.c.h; path = MASConstraintMaker.h; sourceTree = "<group>"; };
		C5D6C18A1D67674A003598E7 /* MASConstraintMaker.m */ = {isa = PBXFileReference; fileEncoding = 4; lastKnownFileType = sourcecode.c.objc; path = MASConstraintMaker.m; sourceTree = "<group>"; };
		C5D6C18B1D67674A003598E7 /* MASLayoutConstraint.h */ = {isa = PBXFileReference; fileEncoding = 4; lastKnownFileType = sourcecode.c.h; path = MASLayoutConstraint.h; sourceTree = "<group>"; };
		C5D6C18C1D67674A003598E7 /* MASLayoutConstraint.m */ = {isa = PBXFileReference; fileEncoding = 4; lastKnownFileType = sourcecode.c.objc; path = MASLayoutConstraint.m; sourceTree = "<group>"; };
		C5D6C18D1D67674A003598E7 /* Masonry.h */ = {isa = PBXFileReference; fileEncoding = 4; lastKnownFileType = sourcecode.c.h; path = Masonry.h; sourceTree = "<group>"; };
		C5D6C18E1D67674A003598E7 /* MASUtilities.h */ = {isa = PBXFileReference; fileEncoding = 4; lastKnownFileType = sourcecode.c.h; path = MASUtilities.h; sourceTree = "<group>"; };
		C5D6C18F1D67674A003598E7 /* MASViewAttribute.h */ = {isa = PBXFileReference; fileEncoding = 4; lastKnownFileType = sourcecode.c.h; path = MASViewAttribute.h; sourceTree = "<group>"; };
		C5D6C1901D67674A003598E7 /* MASViewAttribute.m */ = {isa = PBXFileReference; fileEncoding = 4; lastKnownFileType = sourcecode.c.objc; path = MASViewAttribute.m; sourceTree = "<group>"; };
		C5D6C1911D67674A003598E7 /* MASViewConstraint.h */ = {isa = PBXFileReference; fileEncoding = 4; lastKnownFileType = sourcecode.c.h; path = MASViewConstraint.h; sourceTree = "<group>"; };
		C5D6C1921D67674A003598E7 /* MASViewConstraint.m */ = {isa = PBXFileReference; fileEncoding = 4; lastKnownFileType = sourcecode.c.objc; path = MASViewConstraint.m; sourceTree = "<group>"; };
		C5D6C1931D67674A003598E7 /* NSArray+MASAdditions.h */ = {isa = PBXFileReference; fileEncoding = 4; lastKnownFileType = sourcecode.c.h; path = "NSArray+MASAdditions.h"; sourceTree = "<group>"; };
		C5D6C1941D67674A003598E7 /* NSArray+MASAdditions.m */ = {isa = PBXFileReference; fileEncoding = 4; lastKnownFileType = sourcecode.c.objc; path = "NSArray+MASAdditions.m"; sourceTree = "<group>"; };
		C5D6C1951D67674A003598E7 /* NSArray+MASShorthandAdditions.h */ = {isa = PBXFileReference; fileEncoding = 4; lastKnownFileType = sourcecode.c.h; path = "NSArray+MASShorthandAdditions.h"; sourceTree = "<group>"; };
		C5D6C1961D67674A003598E7 /* NSLayoutConstraint+MASDebugAdditions.h */ = {isa = PBXFileReference; fileEncoding = 4; lastKnownFileType = sourcecode.c.h; path = "NSLayoutConstraint+MASDebugAdditions.h"; sourceTree = "<group>"; };
		C5D6C1971D67674A003598E7 /* NSLayoutConstraint+MASDebugAdditions.m */ = {isa = PBXFileReference; fileEncoding = 4; lastKnownFileType = sourcecode.c.objc; path = "NSLayoutConstraint+MASDebugAdditions.m"; sourceTree = "<group>"; };
		C5D6C1981D67674A003598E7 /* View+MASAdditions.h */ = {isa = PBXFileReference; fileEncoding = 4; lastKnownFileType = sourcecode.c.h; path = "View+MASAdditions.h"; sourceTree = "<group>"; };
		C5D6C1991D67674A003598E7 /* View+MASAdditions.m */ = {isa = PBXFileReference; fileEncoding = 4; lastKnownFileType = sourcecode.c.objc; path = "View+MASAdditions.m"; sourceTree = "<group>"; };
		C5D6C19A1D67674A003598E7 /* View+MASShorthandAdditions.h */ = {isa = PBXFileReference; fileEncoding = 4; lastKnownFileType = sourcecode.c.h; path = "View+MASShorthandAdditions.h"; sourceTree = "<group>"; };
		C5D6C19B1D67674A003598E7 /* ViewController+MASAdditions.h */ = {isa = PBXFileReference; fileEncoding = 4; lastKnownFileType = sourcecode.c.h; path = "ViewController+MASAdditions.h"; sourceTree = "<group>"; };
		C5D6C19C1D67674A003598E7 /* ViewController+MASAdditions.m */ = {isa = PBXFileReference; fileEncoding = 4; lastKnownFileType = sourcecode.c.objc; path = "ViewController+MASAdditions.m"; sourceTree = "<group>"; };
		C5DFD7E81CFFF66500A9E037 /* Default-568h@2x.png */ = {isa = PBXFileReference; lastKnownFileType = image.png; path = "Default-568h@2x.png"; sourceTree = "<group>"; };
/* End PBXFileReference section */

/* Begin PBXFrameworksBuildPhase section */
		C5A125A61CFEE7E700FEA77A /* Frameworks */ = {
			isa = PBXFrameworksBuildPhase;
			buildActionMask = 2147483647;
			files = (
			);
			runOnlyForDeploymentPostprocessing = 0;
		};
		C5A125BF1CFEE7E700FEA77A /* Frameworks */ = {
			isa = PBXFrameworksBuildPhase;
			buildActionMask = 2147483647;
			files = (
			);
			runOnlyForDeploymentPostprocessing = 0;
		};
		C5A125CA1CFEE7E700FEA77A /* Frameworks */ = {
			isa = PBXFrameworksBuildPhase;
			buildActionMask = 2147483647;
			files = (
			);
			runOnlyForDeploymentPostprocessing = 0;
		};
/* End PBXFrameworksBuildPhase section */

/* Begin PBXGroup section */
		C51FB20C1D547DEF00A766E1 /* SDWebImage */ = {
			isa = PBXGroup;
			children = (
				C51FB20D1D547DEF00A766E1 /* MKAnnotationView+WebCache.h */,
				C51FB20E1D547DEF00A766E1 /* MKAnnotationView+WebCache.m */,
				C51FB20F1D547DEF00A766E1 /* NSData+ImageContentType.h */,
				C51FB2101D547DEF00A766E1 /* NSData+ImageContentType.m */,
				C51FB2111D547DEF00A766E1 /* SDImageCache.h */,
				C51FB2121D547DEF00A766E1 /* SDImageCache.m */,
				C51FB2131D547DEF00A766E1 /* SDWebImageCompat.h */,
				C51FB2141D547DEF00A766E1 /* SDWebImageCompat.m */,
				C51FB2151D547DEF00A766E1 /* SDWebImageDecoder.h */,
				C51FB2161D547DEF00A766E1 /* SDWebImageDecoder.m */,
				C51FB2171D547DEF00A766E1 /* SDWebImageDownloader.h */,
				C51FB2181D547DEF00A766E1 /* SDWebImageDownloader.m */,
				C51FB2191D547DEF00A766E1 /* SDWebImageDownloaderOperation.h */,
				C51FB21A1D547DEF00A766E1 /* SDWebImageDownloaderOperation.m */,
				C51FB21B1D547DEF00A766E1 /* SDWebImageManager.h */,
				C51FB21C1D547DEF00A766E1 /* SDWebImageManager.m */,
				C51FB21D1D547DEF00A766E1 /* SDWebImageOperation.h */,
				C51FB21E1D547DEF00A766E1 /* SDWebImagePrefetcher.h */,
				C51FB21F1D547DEF00A766E1 /* SDWebImagePrefetcher.m */,
				C51FB2201D547DEF00A766E1 /* UIButton+WebCache.h */,
				C51FB2211D547DEF00A766E1 /* UIButton+WebCache.m */,
				C51FB2221D547DEF00A766E1 /* UIImage+GIF.h */,
				C51FB2231D547DEF00A766E1 /* UIImage+GIF.m */,
				C51FB2241D547DEF00A766E1 /* UIImage+MultiFormat.h */,
				C51FB2251D547DEF00A766E1 /* UIImage+MultiFormat.m */,
				C51FB2261D547DEF00A766E1 /* UIImage+WebP.h */,
				C51FB2271D547DEF00A766E1 /* UIImage+WebP.m */,
				C51FB2281D547DEF00A766E1 /* UIImageView+HighlightedWebCache.h */,
				C51FB2291D547DEF00A766E1 /* UIImageView+HighlightedWebCache.m */,
				C51FB22A1D547DEF00A766E1 /* UIImageView+WebCache.h */,
				C51FB22B1D547DEF00A766E1 /* UIImageView+WebCache.m */,
				C51FB22C1D547DEF00A766E1 /* UIView+WebCacheOperation.h */,
				C51FB22D1D547DEF00A766E1 /* UIView+WebCacheOperation.m */,
			);
			path = SDWebImage;
			sourceTree = "<group>";
		};
		C51FB22E1D547DEF00A766E1 /* Toast */ = {
			isa = PBXGroup;
			children = (
				C51FB22F1D547DEF00A766E1 /* UIView+Toast.h */,
				C51FB2301D547DEF00A766E1 /* UIView+Toast.m */,
			);
			path = Toast;
			sourceTree = "<group>";
		};
		C51FB2451D55D9ED00A766E1 /* MKFPSStatus */ = {
			isa = PBXGroup;
			children = (
				C51FB2461D55D9ED00A766E1 /* MKFPSStatus.h */,
				C51FB2471D55D9ED00A766E1 /* MKFPSStatus.m */,
			);
			path = MKFPSStatus;
			sourceTree = "<group>";
		};
		C567284A1D9054F2002D0245 /* MKActionSheet */ = {
			isa = PBXGroup;
			children = (
				C567284B1D9054F2002D0245 /* MKActionSheet.bundle */,
				C567284C1D9054F2002D0245 /* MKActionSheet.h */,
				C567284D1D9054F2002D0245 /* MKActionSheet.m */,
				C567284E1D9054F2002D0245 /* MKActionSheetCell.h */,
				C567284F1D9054F2002D0245 /* MKActionSheetCell.m */,
				C5AEE5BB1EB0483C00D3BF3C /* MKActionSheetAdd.h */,
				C5AEE5BC1EB0483C00D3BF3C /* MKActionSheetAdd.m */,
				C52062F81EBC218A0005F3D2 /* MKASRootViewController.h */,
				C52062F91EBC218A0005F3D2 /* MKASRootViewController.m */,
			);
			path = MKActionSheet;
			sourceTree = "<group>";
		};
		C5A125A01CFEE7E700FEA77A = {
			isa = PBXGroup;
			children = (
				C567284A1D9054F2002D0245 /* MKActionSheet */,
				C5A125DF1CFEE91900FEA77A /* MKActionSheetDemo */,
				C5A125C51CFEE7E700FEA77A /* MKActionSheetTests */,
				C5A125D01CFEE7E700FEA77A /* MKActionSheetUITests */,
				C5A125AA1CFEE7E700FEA77A /* Products */,
			);
			sourceTree = "<group>";
		};
		C5A125AA1CFEE7E700FEA77A /* Products */ = {
			isa = PBXGroup;
			children = (
				C5A125A91CFEE7E700FEA77A /* MKActionSheet.app */,
				C5A125C21CFEE7E700FEA77A /* MKActionSheetTests.xctest */,
				C5A125CD1CFEE7E700FEA77A /* MKActionSheetUITests.xctest */,
			);
			name = Products;
			sourceTree = "<group>";
		};
		C5A125AC1CFEE7E700FEA77A /* Supporting Files */ = {
			isa = PBXGroup;
			children = (
				C5A125E81CFEE91900FEA77A /* main.m */,
			);
			name = "Supporting Files";
			path = ../MKActionSheet;
			sourceTree = "<group>";
		};
		C5A125C51CFEE7E700FEA77A /* MKActionSheetTests */ = {
			isa = PBXGroup;
			children = (
				C5A125C61CFEE7E700FEA77A /* MKActionSheetTests.m */,
				C5A125C81CFEE7E700FEA77A /* Info.plist */,
			);
			path = MKActionSheetTests;
			sourceTree = "<group>";
		};
		C5A125D01CFEE7E700FEA77A /* MKActionSheetUITests */ = {
			isa = PBXGroup;
			children = (
				C5A125D11CFEE7E700FEA77A /* MKActionSheetUITests.m */,
				C5A125D31CFEE7E700FEA77A /* Info.plist */,
			);
			path = MKActionSheetUITests;
			sourceTree = "<group>";
		};
		C5A125DF1CFEE91900FEA77A /* MKActionSheetDemo */ = {
			isa = PBXGroup;
			children = (
				C5A125E91CFEE91900FEA77A /* ViewController.h */,
				C5A125EA1CFEE91900FEA77A /* ViewController.m */,
				C53D40AC1D524DB1003E1545 /* InfoModel.h */,
				C53D40AD1D524DB1003E1545 /* InfoModel.m */,
				C5A125F21CFEE98F00FEA77A /* Origin */,
				C5CB17FA1D5B04D900C7B983 /* TookKit */,
				C5A125AC1CFEE7E700FEA77A /* Supporting Files */,
			);
			path = MKActionSheetDemo;
			sourceTree = "<group>";
		};
		C5A125F21CFEE98F00FEA77A /* Origin */ = {
			isa = PBXGroup;
			children = (
				C5DFD7E81CFFF66500A9E037 /* Default-568h@2x.png */,
				C5A125E01CFEE91900FEA77A /* AppDelegate.h */,
				C5A125E11CFEE91900FEA77A /* AppDelegate.m */,
				C5A125E21CFEE91900FEA77A /* Assets.xcassets */,
				C5A125E71CFEE91900FEA77A /* Info.plist */,
				C5A125E31CFEE91900FEA77A /* LaunchScreen.storyboard */,
				C5A125E51CFEE91900FEA77A /* Main.storyboard */,
			);
			name = Origin;
			sourceTree = "<group>";
		};
		C5CB17FA1D5B04D900C7B983 /* TookKit */ = {
			isa = PBXGroup;
			children = (
				C5D6C1821D67674A003598E7 /* Masonry */,
				C51FB2451D55D9ED00A766E1 /* MKFPSStatus */,
				C51FB20C1D547DEF00A766E1 /* SDWebImage */,
				C51FB22E1D547DEF00A766E1 /* Toast */,
			);
			name = TookKit;
			sourceTree = "<group>";
		};
		C5D6C1821D67674A003598E7 /* Masonry */ = {
			isa = PBXGroup;
			children = (
				C5D6C1841D67674A003598E7 /* MASCompositeConstraint.h */,
				C5D6C1851D67674A003598E7 /* MASCompositeConstraint.m */,
				C5D6C1871D67674A003598E7 /* MASConstraint.h */,
				C5D6C1881D67674A003598E7 /* MASConstraint.m */,
				C5D6C1861D67674A003598E7 /* MASConstraint+Private.h */,
				C5D6C1891D67674A003598E7 /* MASConstraintMaker.h */,
				C5D6C18A1D67674A003598E7 /* MASConstraintMaker.m */,
				C5D6C18B1D67674A003598E7 /* MASLayoutConstraint.h */,
				C5D6C18C1D67674A003598E7 /* MASLayoutConstraint.m */,
				C5D6C18D1D67674A003598E7 /* Masonry.h */,
				C5D6C18E1D67674A003598E7 /* MASUtilities.h */,
				C5D6C18F1D67674A003598E7 /* MASViewAttribute.h */,
				C5D6C1901D67674A003598E7 /* MASViewAttribute.m */,
				C5D6C1911D67674A003598E7 /* MASViewConstraint.h */,
				C5D6C1921D67674A003598E7 /* MASViewConstraint.m */,
				C5D6C1931D67674A003598E7 /* NSArray+MASAdditions.h */,
				C5D6C1941D67674A003598E7 /* NSArray+MASAdditions.m */,
				C5D6C1951D67674A003598E7 /* NSArray+MASShorthandAdditions.h */,
				C5D6C1961D67674A003598E7 /* NSLayoutConstraint+MASDebugAdditions.h */,
				C5D6C1971D67674A003598E7 /* NSLayoutConstraint+MASDebugAdditions.m */,
				C5D6C1981D67674A003598E7 /* View+MASAdditions.h */,
				C5D6C1991D67674A003598E7 /* View+MASAdditions.m */,
				C5D6C19A1D67674A003598E7 /* View+MASShorthandAdditions.h */,
				C5D6C19B1D67674A003598E7 /* ViewController+MASAdditions.h */,
				C5D6C19C1D67674A003598E7 /* ViewController+MASAdditions.m */,
			);
			path = Masonry;
			sourceTree = "<group>";
		};
/* End PBXGroup section */

/* Begin PBXNativeTarget section */
		C5A125A81CFEE7E700FEA77A /* MKActionSheet */ = {
			isa = PBXNativeTarget;
			buildConfigurationList = C5A125D61CFEE7E700FEA77A /* Build configuration list for PBXNativeTarget "MKActionSheet" */;
			buildPhases = (
				C5A125A51CFEE7E700FEA77A /* Sources */,
				C5A125A61CFEE7E700FEA77A /* Frameworks */,
				C5A125A71CFEE7E700FEA77A /* Resources */,
			);
			buildRules = (
			);
			dependencies = (
			);
			name = MKActionSheet;
			productName = MKActionSheet;
			productReference = C5A125A91CFEE7E700FEA77A /* MKActionSheet.app */;
			productType = "com.apple.product-type.application";
		};
		C5A125C11CFEE7E700FEA77A /* MKActionSheetTests */ = {
			isa = PBXNativeTarget;
			buildConfigurationList = C5A125D91CFEE7E700FEA77A /* Build configuration list for PBXNativeTarget "MKActionSheetTests" */;
			buildPhases = (
				C5A125BE1CFEE7E700FEA77A /* Sources */,
				C5A125BF1CFEE7E700FEA77A /* Frameworks */,
				C5A125C01CFEE7E700FEA77A /* Resources */,
			);
			buildRules = (
			);
			dependencies = (
				C5A125C41CFEE7E700FEA77A /* PBXTargetDependency */,
			);
			name = MKActionSheetTests;
			productName = MKActionSheetTests;
			productReference = C5A125C21CFEE7E700FEA77A /* MKActionSheetTests.xctest */;
			productType = "com.apple.product-type.bundle.unit-test";
		};
		C5A125CC1CFEE7E700FEA77A /* MKActionSheetUITests */ = {
			isa = PBXNativeTarget;
			buildConfigurationList = C5A125DC1CFEE7E700FEA77A /* Build configuration list for PBXNativeTarget "MKActionSheetUITests" */;
			buildPhases = (
				C5A125C91CFEE7E700FEA77A /* Sources */,
				C5A125CA1CFEE7E700FEA77A /* Frameworks */,
				C5A125CB1CFEE7E700FEA77A /* Resources */,
			);
			buildRules = (
			);
			dependencies = (
				C5A125CF1CFEE7E700FEA77A /* PBXTargetDependency */,
			);
			name = MKActionSheetUITests;
			productName = MKActionSheetUITests;
			productReference = C5A125CD1CFEE7E700FEA77A /* MKActionSheetUITests.xctest */;
			productType = "com.apple.product-type.bundle.ui-testing";
		};
/* End PBXNativeTarget section */

/* Begin PBXProject section */
		C5A125A11CFEE7E700FEA77A /* Project object */ = {
			isa = PBXProject;
			attributes = {
				LastUpgradeCheck = 0830;
				ORGANIZATIONNAME = MK;
				TargetAttributes = {
					C5A125A81CFEE7E700FEA77A = {
						CreatedOnToolsVersion = 7.3.1;
						DevelopmentTeam = YPMA9SXXZT;
					};
					C5A125C11CFEE7E700FEA77A = {
						CreatedOnToolsVersion = 7.3.1;
						TestTargetID = C5A125A81CFEE7E700FEA77A;
					};
					C5A125CC1CFEE7E700FEA77A = {
						CreatedOnToolsVersion = 7.3.1;
						TestTargetID = C5A125A81CFEE7E700FEA77A;
					};
				};
			};
			buildConfigurationList = C5A125A41CFEE7E700FEA77A /* Build configuration list for PBXProject "MKActionSheet" */;
			compatibilityVersion = "Xcode 6.3";
			developmentRegion = English;
			hasScannedForEncodings = 0;
			knownRegions = (
				en,
				Base,
			);
			mainGroup = C5A125A01CFEE7E700FEA77A;
			productRefGroup = C5A125AA1CFEE7E700FEA77A /* Products */;
			projectDirPath = "";
			projectRoot = "";
			targets = (
				C5A125A81CFEE7E700FEA77A /* MKActionSheet */,
				C5A125C11CFEE7E700FEA77A /* MKActionSheetTests */,
				C5A125CC1CFEE7E700FEA77A /* MKActionSheetUITests */,
			);
		};
/* End PBXProject section */

/* Begin PBXResourcesBuildPhase section */
		C5A125A71CFEE7E700FEA77A /* Resources */ = {
			isa = PBXResourcesBuildPhase;
			buildActionMask = 2147483647;
			files = (
				C5A125EC1CFEE91900FEA77A /* Assets.xcassets in Resources */,
				C56728541D9054F2002D0245 /* MKActionSheet.bundle in Resources */,
				C5A125EE1CFEE91900FEA77A /* Main.storyboard in Resources */,
				C5A125ED1CFEE91900FEA77A /* LaunchScreen.storyboard in Resources */,
				C5DFD7E91CFFF66500A9E037 /* Default-568h@2x.png in Resources */,
			);
			runOnlyForDeploymentPostprocessing = 0;
		};
		C5A125C01CFEE7E700FEA77A /* Resources */ = {
			isa = PBXResourcesBuildPhase;
			buildActionMask = 2147483647;
			files = (
			);
			runOnlyForDeploymentPostprocessing = 0;
		};
		C5A125CB1CFEE7E700FEA77A /* Resources */ = {
			isa = PBXResourcesBuildPhase;
			buildActionMask = 2147483647;
			files = (
			);
			runOnlyForDeploymentPostprocessing = 0;
		};
/* End PBXResourcesBuildPhase section */

/* Begin PBXSourcesBuildPhase section */
		C5A125A51CFEE7E700FEA77A /* Sources */ = {
			isa = PBXSourcesBuildPhase;
			buildActionMask = 2147483647;
			files = (
				C5A125F11CFEE91900FEA77A /* ViewController.m in Sources */,
				C51FB2381D547DEF00A766E1 /* SDWebImageManager.m in Sources */,
				C51FB2331D547DEF00A766E1 /* SDImageCache.m in Sources */,
				C51FB2371D547DEF00A766E1 /* SDWebImageDownloaderOperation.m in Sources */,
				C5D6C19E1D67674A003598E7 /* MASCompositeConstraint.m in Sources */,
				C5D6C1A21D67674A003598E7 /* MASViewAttribute.m in Sources */,
				C51FB2401D547DEF00A766E1 /* UIView+WebCacheOperation.m in Sources */,
				C51FB2411D547DEF00A766E1 /* UIView+Toast.m in Sources */,
				C51FB23A1D547DEF00A766E1 /* UIButton+WebCache.m in Sources */,
				C5D6C1A71D67674A003598E7 /* ViewController+MASAdditions.m in Sources */,
				C5D6C1A51D67674A003598E7 /* NSLayoutConstraint+MASDebugAdditions.m in Sources */,
				C51FB2321D547DEF00A766E1 /* NSData+ImageContentType.m in Sources */,
				C5D6C1A11D67674A003598E7 /* MASLayoutConstraint.m in Sources */,
				C51FB2391D547DEF00A766E1 /* SDWebImagePrefetcher.m in Sources */,
				C52062FA1EBC218A0005F3D2 /* MKASRootViewController.m in Sources */,
				C51FB2481D55D9ED00A766E1 /* MKFPSStatus.m in Sources */,
				C51FB2361D547DEF00A766E1 /* SDWebImageDownloader.m in Sources */,
				C53D40AE1D524DB1003E1545 /* InfoModel.m in Sources */,
				C56728561D9054F2002D0245 /* MKActionSheetCell.m in Sources */,
				C51FB23D1D547DEF00A766E1 /* UIImage+WebP.m in Sources */,
				C51FB23F1D547DEF00A766E1 /* UIImageView+WebCache.m in Sources */,
				C51FB2351D547DEF00A766E1 /* SDWebImageDecoder.m in Sources */,
				C5D6C1A61D67674A003598E7 /* View+MASAdditions.m in Sources */,
				C51FB2311D547DEF00A766E1 /* MKAnnotationView+WebCache.m in Sources */,
				C5D6C19F1D67674A003598E7 /* MASConstraint.m in Sources */,
				C56728551D9054F2002D0245 /* MKActionSheet.m in Sources */,
				C5D6C1A01D67674A003598E7 /* MASConstraintMaker.m in Sources */,
				C5AEE5BD1EB0483C00D3BF3C /* MKActionSheetAdd.m in Sources */,
				C51FB2341D547DEF00A766E1 /* SDWebImageCompat.m in Sources */,
				C5A125F01CFEE91900FEA77A /* main.m in Sources */,
				C5D6C1A31D67674A003598E7 /* MASViewConstraint.m in Sources */,
				C5A125EB1CFEE91900FEA77A /* AppDelegate.m in Sources */,
				C5D6C1A41D67674A003598E7 /* NSArray+MASAdditions.m in Sources */,
				C51FB23C1D547DEF00A766E1 /* UIImage+MultiFormat.m in Sources */,
				C51FB23E1D547DEF00A766E1 /* UIImageView+HighlightedWebCache.m in Sources */,
				C51FB23B1D547DEF00A766E1 /* UIImage+GIF.m in Sources */,
			);
			runOnlyForDeploymentPostprocessing = 0;
		};
		C5A125BE1CFEE7E700FEA77A /* Sources */ = {
			isa = PBXSourcesBuildPhase;
			buildActionMask = 2147483647;
			files = (
				C5A125C71CFEE7E700FEA77A /* MKActionSheetTests.m in Sources */,
			);
			runOnlyForDeploymentPostprocessing = 0;
		};
		C5A125C91CFEE7E700FEA77A /* Sources */ = {
			isa = PBXSourcesBuildPhase;
			buildActionMask = 2147483647;
			files = (
				C5A125D21CFEE7E700FEA77A /* MKActionSheetUITests.m in Sources */,
			);
			runOnlyForDeploymentPostprocessing = 0;
		};
/* End PBXSourcesBuildPhase section */

/* Begin PBXTargetDependency section */
		C5A125C41CFEE7E700FEA77A /* PBXTargetDependency */ = {
			isa = PBXTargetDependency;
			target = C5A125A81CFEE7E700FEA77A /* MKActionSheet */;
			targetProxy = C5A125C31CFEE7E700FEA77A /* PBXContainerItemProxy */;
		};
		C5A125CF1CFEE7E700FEA77A /* PBXTargetDependency */ = {
			isa = PBXTargetDependency;
			target = C5A125A81CFEE7E700FEA77A /* MKActionSheet */;
			targetProxy = C5A125CE1CFEE7E700FEA77A /* PBXContainerItemProxy */;
		};
/* End PBXTargetDependency section */

/* Begin PBXVariantGroup section */
		C5A125E31CFEE91900FEA77A /* LaunchScreen.storyboard */ = {
			isa = PBXVariantGroup;
			children = (
				C5A125E41CFEE91900FEA77A /* Base */,
			);
			name = LaunchScreen.storyboard;
			sourceTree = "<group>";
		};
		C5A125E51CFEE91900FEA77A /* Main.storyboard */ = {
			isa = PBXVariantGroup;
			children = (
				C5A125E61CFEE91900FEA77A /* Base */,
			);
			name = Main.storyboard;
			sourceTree = "<group>";
		};
/* End PBXVariantGroup section */

/* Begin XCBuildConfiguration section */
		C5A125D41CFEE7E700FEA77A /* Debug */ = {
			isa = XCBuildConfiguration;
			buildSettings = {
				ALWAYS_SEARCH_USER_PATHS = NO;
				CLANG_ANALYZER_NONNULL = YES;
				CLANG_CXX_LANGUAGE_STANDARD = "gnu++0x";
				CLANG_CXX_LIBRARY = "libc++";
				CLANG_ENABLE_MODULES = YES;
				CLANG_ENABLE_OBJC_ARC = YES;
				CLANG_WARN_BOOL_CONVERSION = YES;
				CLANG_WARN_CONSTANT_CONVERSION = YES;
				CLANG_WARN_DIRECT_OBJC_ISA_USAGE = YES_ERROR;
				CLANG_WARN_EMPTY_BODY = YES;
				CLANG_WARN_ENUM_CONVERSION = YES;
				CLANG_WARN_INFINITE_RECURSION = YES;
				CLANG_WARN_INT_CONVERSION = YES;
				CLANG_WARN_OBJC_ROOT_CLASS = YES_ERROR;
				CLANG_WARN_SUSPICIOUS_MOVE = YES;
				CLANG_WARN_UNREACHABLE_CODE = YES;
				CLANG_WARN__DUPLICATE_METHOD_MATCH = YES;
				"CODE_SIGN_IDENTITY[sdk=iphoneos*]" = "iPhone Developer";
				COPY_PHASE_STRIP = NO;
				DEBUG_INFORMATION_FORMAT = dwarf;
				ENABLE_STRICT_OBJC_MSGSEND = YES;
				ENABLE_TESTABILITY = YES;
				GCC_C_LANGUAGE_STANDARD = gnu99;
				GCC_DYNAMIC_NO_PIC = NO;
				GCC_NO_COMMON_BLOCKS = YES;
				GCC_OPTIMIZATION_LEVEL = 0;
				GCC_PREPROCESSOR_DEFINITIONS = (
					"DEBUG=1",
					"$(inherited)",
				);
				GCC_WARN_64_TO_32_BIT_CONVERSION = YES;
				GCC_WARN_ABOUT_RETURN_TYPE = YES_ERROR;
				GCC_WARN_UNDECLARED_SELECTOR = YES;
				GCC_WARN_UNINITIALIZED_AUTOS = YES_AGGRESSIVE;
				GCC_WARN_UNUSED_FUNCTION = YES;
				GCC_WARN_UNUSED_VARIABLE = YES;
				IPHONEOS_DEPLOYMENT_TARGET = 8.0;
				MTL_ENABLE_DEBUG_INFO = YES;
				ONLY_ACTIVE_ARCH = YES;
				SDKROOT = iphoneos;
				TARGETED_DEVICE_FAMILY = "1,2";
			};
			name = Debug;
		};
		C5A125D51CFEE7E700FEA77A /* Release */ = {
			isa = XCBuildConfiguration;
			buildSettings = {
				ALWAYS_SEARCH_USER_PATHS = NO;
				CLANG_ANALYZER_NONNULL = YES;
				CLANG_CXX_LANGUAGE_STANDARD = "gnu++0x";
				CLANG_CXX_LIBRARY = "libc++";
				CLANG_ENABLE_MODULES = YES;
				CLANG_ENABLE_OBJC_ARC = YES;
				CLANG_WARN_BOOL_CONVERSION = YES;
				CLANG_WARN_CONSTANT_CONVERSION = YES;
				CLANG_WARN_DIRECT_OBJC_ISA_USAGE = YES_ERROR;
				CLANG_WARN_EMPTY_BODY = YES;
				CLANG_WARN_ENUM_CONVERSION = YES;
				CLANG_WARN_INFINITE_RECURSION = YES;
				CLANG_WARN_INT_CONVERSION = YES;
				CLANG_WARN_OBJC_ROOT_CLASS = YES_ERROR;
				CLANG_WARN_SUSPICIOUS_MOVE = YES;
				CLANG_WARN_UNREACHABLE_CODE = YES;
				CLANG_WARN__DUPLICATE_METHOD_MATCH = YES;
				"CODE_SIGN_IDENTITY[sdk=iphoneos*]" = "iPhone Developer";
				COPY_PHASE_STRIP = NO;
				DEBUG_INFORMATION_FORMAT = "dwarf-with-dsym";
				ENABLE_NS_ASSERTIONS = NO;
				ENABLE_STRICT_OBJC_MSGSEND = YES;
				GCC_C_LANGUAGE_STANDARD = gnu99;
				GCC_NO_COMMON_BLOCKS = YES;
				GCC_WARN_64_TO_32_BIT_CONVERSION = YES;
				GCC_WARN_ABOUT_RETURN_TYPE = YES_ERROR;
				GCC_WARN_UNDECLARED_SELECTOR = YES;
				GCC_WARN_UNINITIALIZED_AUTOS = YES_AGGRESSIVE;
				GCC_WARN_UNUSED_FUNCTION = YES;
				GCC_WARN_UNUSED_VARIABLE = YES;
				IPHONEOS_DEPLOYMENT_TARGET = 8.0;
				MTL_ENABLE_DEBUG_INFO = NO;
				SDKROOT = iphoneos;
				TARGETED_DEVICE_FAMILY = "1,2";
				VALIDATE_PRODUCT = YES;
			};
			name = Release;
		};
		C5A125D71CFEE7E700FEA77A /* Debug */ = {
			isa = XCBuildConfiguration;
			buildSettings = {
				ASSETCATALOG_COMPILER_APPICON_NAME = AppIcon;
				CODE_SIGN_IDENTITY = "iPhone Developer";
				"CODE_SIGN_IDENTITY[sdk=iphoneos*]" = "iPhone Developer";
				DEVELOPMENT_TEAM = YPMA9SXXZT;
				INFOPLIST_FILE = MKActionSheetDemo/Info.plist;
				IPHONEOS_DEPLOYMENT_TARGET = 8.0;
				LD_RUNPATH_SEARCH_PATHS = "$(inherited) @executable_path/Frameworks";
				PRODUCT_BUNDLE_IDENTIFIER = com.mk.MKActionSheet;
				PRODUCT_NAME = "$(TARGET_NAME)";
			};
			name = Debug;
		};
		C5A125D81CFEE7E700FEA77A /* Release */ = {
			isa = XCBuildConfiguration;
			buildSettings = {
				ASSETCATALOG_COMPILER_APPICON_NAME = AppIcon;
				CODE_SIGN_IDENTITY = "iPhone Developer";
				"CODE_SIGN_IDENTITY[sdk=iphoneos*]" = "iPhone Developer";
				DEVELOPMENT_TEAM = YPMA9SXXZT;
				INFOPLIST_FILE = MKActionSheetDemo/Info.plist;
				IPHONEOS_DEPLOYMENT_TARGET = 8.0;
				LD_RUNPATH_SEARCH_PATHS = "$(inherited) @executable_path/Frameworks";
				PRODUCT_BUNDLE_IDENTIFIER = com.mk.MKActionSheet;
				PRODUCT_NAME = "$(TARGET_NAME)";
			};
			name = Release;
		};
		C5A125DA1CFEE7E700FEA77A /* Debug */ = {
			isa = XCBuildConfiguration;
			buildSettings = {
				BUNDLE_LOADER = "$(TEST_HOST)";
				INFOPLIST_FILE = MKActionSheetTests/Info.plist;
				LD_RUNPATH_SEARCH_PATHS = "$(inherited) @executable_path/Frameworks @loader_path/Frameworks";
				PRODUCT_BUNDLE_IDENTIFIER = com.mk.MKActionSheetTests;
				PRODUCT_NAME = "$(TARGET_NAME)";
				TEST_HOST = "$(BUILT_PRODUCTS_DIR)/MKActionSheet.app/MKActionSheet";
			};
			name = Debug;
		};
		C5A125DB1CFEE7E700FEA77A /* Release */ = {
			isa = XCBuildConfiguration;
			buildSettings = {
				BUNDLE_LOADER = "$(TEST_HOST)";
				INFOPLIST_FILE = MKActionSheetTests/Info.plist;
				LD_RUNPATH_SEARCH_PATHS = "$(inherited) @executable_path/Frameworks @loader_path/Frameworks";
				PRODUCT_BUNDLE_IDENTIFIER = com.mk.MKActionSheetTests;
				PRODUCT_NAME = "$(TARGET_NAME)";
				TEST_HOST = "$(BUILT_PRODUCTS_DIR)/MKActionSheet.app/MKActionSheet";
			};
			name = Release;
		};
		C5A125DD1CFEE7E700FEA77A /* Debug */ = {
			isa = XCBuildConfiguration;
			buildSettings = {
				INFOPLIST_FILE = MKActionSheetUITests/Info.plist;
				LD_RUNPATH_SEARCH_PATHS = "$(inherited) @executable_path/Frameworks @loader_path/Frameworks";
				PRODUCT_BUNDLE_IDENTIFIER = com.mk.MKActionSheetUITests;
				PRODUCT_NAME = "$(TARGET_NAME)";
				TEST_TARGET_NAME = MKActionSheet;
			};
			name = Debug;
		};
		C5A125DE1CFEE7E700FEA77A /* Release */ = {
			isa = XCBuildConfiguration;
			buildSettings = {
				INFOPLIST_FILE = MKActionSheetUITests/Info.plist;
				LD_RUNPATH_SEARCH_PATHS = "$(inherited) @executable_path/Frameworks @loader_path/Frameworks";
				PRODUCT_BUNDLE_IDENTIFIER = com.mk.MKActionSheetUITests;
				PRODUCT_NAME = "$(TARGET_NAME)";
				TEST_TARGET_NAME = MKActionSheet;
			};
			name = Release;
		};
/* End XCBuildConfiguration section */

/* Begin XCConfigurationList section */
		C5A125A41CFEE7E700FEA77A /* Build configuration list for PBXProject "MKActionSheet" */ = {
			isa = XCConfigurationList;
			buildConfigurations = (
				C5A125D41CFEE7E700FEA77A /* Debug */,
				C5A125D51CFEE7E700FEA77A /* Release */,
			);
			defaultConfigurationIsVisible = 0;
			defaultConfigurationName = Release;
		};
		C5A125D61CFEE7E700FEA77A /* Build configuration list for PBXNativeTarget "MKActionSheet" */ = {
			isa = XCConfigurationList;
			buildConfigurations = (
				C5A125D71CFEE7E700FEA77A /* Debug */,
				C5A125D81CFEE7E700FEA77A /* Release */,
			);
			defaultConfigurationIsVisible = 0;
			defaultConfigurationName = Release;
		};
		C5A125D91CFEE7E700FEA77A /* Build configuration list for PBXNativeTarget "MKActionSheetTests" */ = {
			isa = XCConfigurationList;
			buildConfigurations = (
				C5A125DA1CFEE7E700FEA77A /* Debug */,
				C5A125DB1CFEE7E700FEA77A /* Release */,
			);
			defaultConfigurationIsVisible = 0;
			defaultConfigurationName = Release;
		};
		C5A125DC1CFEE7E700FEA77A /* Build configuration list for PBXNativeTarget "MKActionSheetUITests" */ = {
			isa = XCConfigurationList;
			buildConfigurations = (
				C5A125DD1CFEE7E700FEA77A /* Debug */,
				C5A125DE1CFEE7E700FEA77A /* Release */,
			);
			defaultConfigurationIsVisible = 0;
			defaultConfigurationName = Release;
		};
/* End XCConfigurationList section */
	};
	rootObject = C5A125A11CFEE7E700FEA77A /* Project object */;
}
